{"version":4,"terraform_version":"1.12.6","serial":37,"lineage":"c57222a9-c4bb-3249-404e-f2c268ed0bb6","outputs":{"api_url":{"value":"6vjfz8iqtb.eu-west-1.awsapprunner.com","type":"string"},"batch_canary_job_queue":{"value":"arn:aws:batch:eu-west-1:671460501982:job-queue/predsea-models-canary","type":"string"},"batch_compute_environments":{"value":{"on_demand":"arn:aws:batch:eu-west-1:671460501982:compute-environment/predsea-models-on-demand","spot":"arn:aws:batch:eu-west-1:671460501982:compute-environment/predsea-models-spot"},"type":["object",{"on_demand":"string","spot":"string"}]},"batch_job_definitions":{"value":{"croco_alboran_1km":"arn:aws:batch:eu-west-1:671460501982:job-definition/predsea-croco_alboran_1km-hpc:14","croco_algerian_1km":"arn:aws:batch:eu-west-1:671460501982:job-definition/predsea-croco_algerian_1km-hpc:9","croco_balearic_1km":"arn:aws:batch:eu-west-1:671460501982:job-definition/predsea-croco_balearic_1km-hpc:11","croco_gulf_of_lion_1km":"arn:aws:batch:eu-west-1:671460501982:job-definition/predsea-croco_gulf_of_lion_1km-hpc:11","croco_tyrrhenian_1km":"arn:aws:batch:eu-west-1:671460501982:job-definition/predsea-croco_tyrrhenian_1km-hpc:11","ecmwf":"arn:aws:batch:eu-west-1:671460501982:job-definition/predsea-ecmwf-hpc:3","wrf":"arn:aws:batch:eu-west-1:671460501982:job-definition/predsea-wrf-hpc:11","ww3":"arn:aws:batch:eu-west-1:671460501982:job-definition/predsea-ww3-hpc:9"},"type":["object",{"croco_alboran_1km":"string","croco_algerian_1km":"string","croco_balearic_1km":"string","croco_gulf_of_lion_1km":"string","croco_tyrrhenian_1km":"string","ecmwf":"string","wrf":"string","ww3":"string"}]},"batch_job_queue":{"value":"arn:aws:batch:eu-west-1:671460501982:job-queue/predsea-models","type":"string"},"bucket":{"value":"predsea-daily-outputs","type":"string"},"codebuild_project":{"value":"predsea-images","type":"string"},"ecr_repositories":{"value":{"api":"671460501982.dkr.ecr.eu-west-1.amazonaws.com/predsea-api","croco":"671460501982.dkr.ecr.eu-west-1.amazonaws.com/predsea-croco","ecmwf":"671460501982.dkr.ecr.eu-west-1.amazonaws.com/predsea-ecmwf","orchestrator":"671460501982.dkr.ecr.eu-west-1.amazonaws.com/predsea-orchestrator","wrf":"671460501982.dkr.ecr.eu-west-1.amazonaws.com/predsea-wrf","ww3":"671460501982.dkr.ecr.eu-west-1.amazonaws.com/predsea-ww3"},"type":["object",{"api":"string","croco":"string","ecmwf":"string","orchestrator":"string","wrf":"string","ww3":"string"}]},"ecs_cluster":{"value":"predsea","type":"string"},"orchestrator_task_definition":{"value":"arn:aws:ecs:eu-west-1:671460501982:task-definition/predsea-orchestrator:2","type":"string"},"secret_arns":{"value":{"AEMET_API_KEY":"arn:aws:secretsmanager:eu-west-1:671460501982:secret:predsea/AEMET_API_KEY-NJhRe1","COPERNICUS_PASSWORD":"arn:aws:secretsmanager:eu-west-1:671460501982:secret:predsea/COPERNICUS_PASSWORD-7QNNi2","COPERNICUS_USERNAME":"arn:aws:secretsmanager:eu-west-1:671460501982:secret:predsea/COPERNICUS_USERNAME-ZJe5L0","SOCIB_API_KEY":"arn:aws:secretsmanager:eu-west-1:671460501982:secret:predsea/SOCIB_API_KEY-jQK1P1"},"type":["object",{"AEMET_API_KEY":"string","COPERNICUS_PASSWORD":"string","COPERNICUS_USERNAME":"string","SOCIB_API_KEY":"string"}]},"simulation_instance_profile":{"value":"predsea-simulation","type":"string"}},"resources":[{"mode":"data","type":"aws_caller_identity","name":"current","provider":"provider[\"registry.opentofu.org/hashicorp/aws\"]","instances":[{"schema_version":0,"attributes":{"account_id":"671460501982","arn":"arn:aws:iam::671460501982:root","id":"671460501982","user_id":"671460501982"},"sensitive_attributes":[]}]},{"mode":"data","type":"aws_iam_policy_document","name":"apprunner_assume","provider":"provider[\"registry.opentofu.org/hashicorp/aws\"]","instances":[{"schema_version":0,"attributes":{"id":"3710474894","json":"{\n  \"Version\": \"2012-10-17\",\n  \"Statement\": [\n    {\n      \"Effect\": \"Allow\",\n      \"Action\": \"sts:AssumeRole\",\n      \"Principal\": {\n        \"Service\": \"build.apprunner.amazonaws.com\"\n      }\n    }\n  ]\n}","minified_json":"{\"Version\":\"2012-10-17\",\"Statement\":[{\"Effect\":\"Allow\",\"Action\":\"sts:AssumeRole\",\"Principal\":{\"Service\":\"build.apprunner.amazonaws.com\"}}]}","override_json":null,"override_policy_documents":null,"policy_id":null,"source_json":null,"source_policy_documents":null,"statement":[{"actions":["sts:AssumeRole"],"condition":[],"effect":"Allow","not_actions":[],"not_principals":[],"not_resources":[],"principals":[{"identifiers":["build.apprunner.amazonaws.com"],"type":"Service"}],"resources":[],"sid":""}],"version":"2012-10-17"},"sensitive_attributes":[]}]},{"mode":"data","type":"aws_iam_policy_document","name":"apprunner_tasks_assume","provider":"provider[\"registry.opentofu.org/hashicorp/aws\"]","instances":[{"schema_version":0,"attributes":{"id":"1159917608","json":"{\n  \"Version\": \"2012-10-17\",\n  \"Statement\": [\n    {\n      \"Effect\": \"Allow\",\n      \"Action\": \"sts:AssumeRole\",\n      \"Principal\": {\n        \"Service\": \"tasks.apprunner.amazonaws.com\"\n      }\n    }\n  ]\n}","minified_json":"{\"Version\":\"2012-10-17\",\"Statement\":[{\"Effect\":\"Allow\",\"Action\":\"sts:AssumeRole\",\"Principal\":{\"Service\":\"tasks.apprunner.amazonaws.com\"}}]}","override_json":null,"override_policy_documents":null,"policy_id":null,"source_json":null,"source_policy_documents":null,"statement":[{"actions":["sts:AssumeRole"],"condition":[],"effect":"Allow","not_actions":[],"not_principals":[],"not_resources":[],"principals":[{"identifiers":["tasks.apprunner.amazonaws.com"],"type":"Service"}],"resources":[],"sid":""}],"version":"2012-10-17"},"sensitive_attributes":[]}]},{"mode":"data","type":"aws_iam_policy_document","name":"codebuild_assume","provider":"provider[\"registry.opentofu.org/hashicorp/aws\"]","instances":[{"schema_version":0,"attributes":{"id":"1229436035","json":"{\n  \"Version\": \"2012-10-17\",\n  \"Statement\": [\n    {\n      \"Effect\": \"Allow\",\n      \"Action\": \"sts:AssumeRole\",\n      \"Principal\": {\n        \"Service\": \"codebuild.amazonaws.com\"\n      }\n    }\n  ]\n}","minified_json":"{\"Version\":\"2012-10-17\",\"Statement\":[{\"Effect\":\"Allow\",\"Action\":\"sts:AssumeRole\",\"Principal\":{\"Service\":\"codebuild.amazonaws.com\"}}]}","override_json":null,"override_policy_documents":null,"policy_id":null,"source_json":null,"source_policy_documents":null,"statement":[{"actions":["sts:AssumeRole"],"condition":[],"effect":"Allow","not_actions":[],"not_principals":[],"not_resources":[],"principals":[{"identifiers":["codebuild.amazonaws.com"],"type":"Service"}],"resources":[],"sid":""}],"version":"2012-10-17"},"sensitive_attributes":[]}]},{"mode":"data","type":"aws_iam_policy_document","name":"ec2_assume","provider":"provider[\"registry.opentofu.org/hashicorp/aws\"]","instances":[{"schema_version":0,"attributes":{"id":"2851119427","json":"{\n  \"Version\": \"2012-10-17\",\n  \"Statement\": [\n    {\n      \"Effect\": \"Allow\",\n      \"Action\": \"sts:AssumeRole\",\n      \"Principal\": {\n        \"Service\": \"ec2.amazonaws.com\"\n      }\n    }\n  ]\n}","minified_json":"{\"Version\":\"2012-10-17\",\"Statement\":[{\"Effect\":\"Allow\",\"Action\":\"sts:AssumeRole\",\"Principal\":{\"Service\":\"ec2.amazonaws.com\"}}]}","override_json":null,"override_policy_documents":null,"policy_id":null,"source_json":null,"source_policy_documents":null,"statement":[{"actions":["sts:AssumeRole"],"condition":[],"effect":"Allow","not_actions":[],"not_principals":[],"not_resources":[],"principals":[{"identifiers":["ec2.amazonaws.com"],"type":"Service"}],"resources":[],"sid":""}],"version":"2012-10-17"},"sensitive_attributes":[]}]},{"mode":"data","type":"aws_iam_policy_document","name":"ecs_assume","provider":"provider[\"registry.opentofu.org/hashicorp/aws\"]","instances":[{"schema_version":0,"attributes":{"id":"1077804475","json":"{\n  \"Version\": \"2012-10-17\",\n  \"Statement\": [\n    {\n      \"Effect\": \"Allow\",\n      \"Action\": \"sts:AssumeRole\",\n      \"Principal\": {\n        \"Service\": \"ecs-tasks.amazonaws.com\"\n      }\n    }\n  ]\n}","minified_json":"{\"Version\":\"2012-10-17\",\"Statement\":[{\"Effect\":\"Allow\",\"Action\":\"sts:AssumeRole\",\"Principal\":{\"Service\":\"ecs-tasks.amazonaws.com\"}}]}","override_json":null,"override_policy_documents":null,"policy_id":null,"source_json":null,"source_policy_documents":null,"statement":[{"actions":["sts:AssumeRole"],"condition":[],"effect":"Allow","not_actions":[],"not_principals":[],"not_resources":[],"principals":[{"identifiers":["ecs-tasks.amazonaws.com"],"type":"Service"}],"resources":[],"sid":""}],"version":"2012-10-17"},"sensitive_attributes":[]}]},{"mode":"data","type":"aws_iam_policy_document","name":"runtime","provider":"provider[\"registry.opentofu.org/hashicorp/aws\"]","instances":[{"schema_version":0,"attributes":{"id":"2564941399","json":"{\n  \"Version\": \"2012-10-17\",\n  \"Statement\": [\n    {\n      \"Effect\": \"Allow\",\n      \"Action\": \"s3:ListBucket\",\n      \"Resource\": \"arn:aws:s3:::predsea-daily-outputs\"\n    },\n    {\n      \"Effect\": \"Allow\",\n      \"Action\": [\n        \"s3:PutObject\",\n        \"s3:GetObject\",\n        \"s3:AbortMultipartUpload\"\n      ],\n      \"Resource\": \"arn:aws:s3:::predsea-daily-outputs/*\"\n    },\n    {\n      \"Effect\": \"Allow\",\n      \"Action\": \"secretsmanager:GetSecretValue\",\n      \"Resource\": [\n        \"arn:aws:secretsmanager:eu-west-1:671460501982:secret:predsea/SOCIB_API_KEY-jQK1P1\",\n        \"arn:aws:secretsmanager:eu-west-1:671460501982:secret:predsea/COPERNICUS_USERNAME-ZJe5L0\",\n        \"arn:aws:secretsmanager:eu-west-1:671460501982:secret:predsea/COPERNICUS_PASSWORD-7QNNi2\",\n        \"arn:aws:secretsmanager:eu-west-1:671460501982:secret:predsea/AEMET_API_KEY-NJhRe1\"\n      ]\n    },\n    {\n      \"Effect\": \"Allow\",\n      \"Action\": [\n        \"athena:StopQueryExecution\",\n        \"athena:StartQueryExecution\",\n        \"athena:GetQueryResults\",\n        \"athena:GetQueryExecution\"\n      ],\n      \"Resource\": \"arn:aws:athena:eu-west-1:671460501982:workgroup/predsea\"\n    },\n    {\n      \"Effect\": \"Allow\",\n      \"Action\": [\n        \"glue:GetTables\",\n        \"glue:GetTable\",\n        \"glue:GetPartitions\",\n        \"glue:GetDatabases\",\n        \"glue:GetDatabase\"\n      ],\n      \"Resource\": \"*\"\n    },\n    {\n      \"Effect\": \"Allow\",\n      \"Action\": \"ecr:GetAuthorizationToken\",\n      \"Resource\": \"*\"\n    },\n    {\n      \"Effect\": \"Allow\",\n      \"Action\": [\n        \"ecr:GetDownloadUrlForLayer\",\n        \"ecr:BatchGetImage\",\n        \"ecr:BatchCheckLayerAvailability\"\n      ],\n      \"Resource\": [\n        \"arn:aws:ecr:eu-west-1:671460501982:repository/predsea-ww3\",\n        \"arn:aws:ecr:eu-west-1:671460501982:repository/predsea-wrf\",\n        \"arn:aws:ecr:eu-west-1:671460501982:repository/predsea-croco\"\n      ]\n    }\n  ]\n}","minified_json":"{\"Version\":\"2012-10-17\",\"Statement\":[{\"Effect\":\"Allow\",\"Action\":\"s3:ListBucket\",\"Resource\":\"arn:aws:s3:::predsea-daily-outputs\"},{\"Effect\":\"Allow\",\"Action\":[\"s3:PutObject\",\"s3:GetObject\",\"s3:AbortMultipartUpload\"],\"Resource\":\"arn:aws:s3:::predsea-daily-outputs/*\"},{\"Effect\":\"Allow\",\"Action\":\"secretsmanager:GetSecretValue\",\"Resource\":[\"arn:aws:secretsmanager:eu-west-1:671460501982:secret:predsea/SOCIB_API_KEY-jQK1P1\",\"arn:aws:secretsmanager:eu-west-1:671460501982:secret:predsea/COPERNICUS_USERNAME-ZJe5L0\",\"arn:aws:secretsmanager:eu-west-1:671460501982:secret:predsea/COPERNICUS_PASSWORD-7QNNi2\",\"arn:aws:secretsmanager:eu-west-1:671460501982:secret:predsea/AEMET_API_KEY-NJhRe1\"]},{\"Effect\":\"Allow\",\"Action\":[\"athena:StopQueryExecution\",\"athena:StartQueryExecution\",\"athena:GetQueryResults\",\"athena:GetQueryExecution\"],\"Resource\":\"arn:aws:athena:eu-west-1:671460501982:workgroup/predsea\"},{\"Effect\":\"Allow\",\"Action\":[\"glue:GetTables\",\"glue:GetTable\",\"glue:GetPartitions\",\"glue:GetDatabases\",\"glue:GetDatabase\"],\"Resource\":\"*\"},{\"Effect\":\"Allow\",\"Action\":\"ecr:GetAuthorizationToken\",\"Resource\":\"*\"},{\"Effect\":\"Allow\",\"Action\":[\"ecr:GetDownloadUrlForLayer\",\"ecr:BatchGetImage\",\"ecr:BatchCheckLayerAvailability\"],\"Resource\":[\"arn:aws:ecr:eu-west-1:671460501982:repository/predsea-ww3\",\"arn:aws:ecr:eu-west-1:671460501982:repository/predsea-wrf\",\"arn:aws:ecr:eu-west-1:671460501982:repository/predsea-croco\"]}]}","override_json":null,"override_policy_documents":null,"policy_id":null,"source_json":null,"source_policy_documents":null,"statement":[{"actions":["s3:ListBucket"],"condition":[],"effect":"Allow","not_actions":[],"not_principals":[],"not_resources":[],"principals":[],"resources":["arn:aws:s3:::predsea-daily-outputs"],"sid":""},{"actions":["s3:AbortMultipartUpload","s3:GetObject","s3:PutObject"],"condition":[],"effect":"Allow","not_actions":[],"not_principals":[],"not_resources":[],"principals":[],"resources":["arn:aws:s3:::predsea-daily-outputs/*"],"sid":""},{"actions":["secretsmanager:GetSecretValue"],"condition":[],"effect":"Allow","not_actions":[],"not_principals":[],"not_resources":[],"principals":[],"resources":["arn:aws:secretsmanager:eu-west-1:671460501982:secret:predsea/AEMET_API_KEY-NJhRe1","arn:aws:secretsmanager:eu-west-1:671460501982:secret:predsea/COPERNICUS_PASSWORD-7QNNi2","arn:aws:secretsmanager:eu-west-1:671460501982:secret:predsea/COPERNICUS_USERNAME-ZJe5L0","arn:aws:secretsmanager:eu-west-1:671460501982:secret:predsea/SOCIB_API_KEY-jQK1P1"],"sid":""},{"actions":["athena:GetQueryExecution","athena:GetQueryResults","athena:StartQueryExecution","athena:StopQueryExecution"],"condition":[],"effect":"Allow","not_actions":[],"not_principals":[],"not_resources":[],"principals":[],"resources":["arn:aws:athena:eu-west-1:671460501982:workgroup/predsea"],"sid":""},{"actions":["glue:GetDatabase","glue:GetDatabases","glue:GetPartitions","glue:GetTable","glue:GetTables"],"condition":[],"effect":"Allow","not_actions":[],"not_principals":[],"not_resources":[],"principals":[],"resources":["*"],"sid":""},{"actions":["ecr:GetAuthorizationToken"],"condition":[],"effect":"Allow","not_actions":[],"not_principals":[],"not_resources":[],"principals":[],"resources":["*"],"sid":""},{"actions":["ecr:BatchCheckLayerAvailability","ecr:BatchGetImage","ecr:GetDownloadUrlForLayer"],"condition":[],"effect":"Allow","not_actions":[],"not_principals":[],"not_resources":[],"principals":[],"resources":["arn:aws:ecr:eu-west-1:671460501982:repository/predsea-croco","arn:aws:ecr:eu-west-1:671460501982:repository/predsea-wrf","arn:aws:ecr:eu-west-1:671460501982:repository/predsea-ww3"],"sid":""}],"version":"2012-10-17"},"sensitive_attributes":[]}]},{"mode":"data","type":"aws_iam_policy_document","name":"scheduler_assume","provider":"provider[\"registry.opentofu.org/hashicorp/aws\"]","instances":[{"schema_version":0,"attributes":{"id":"52247394","json":"{\n  \"Version\": \"2012-10-17\",\n  \"Statement\": [\n    {\n      \"Effect\": \"Allow\",\n      \"Action\": \"sts:AssumeRole\",\n      \"Principal\": {\n        \"Service\": \"scheduler.amazonaws.com\"\n      }\n    }\n  ]\n}","minified_json":"{\"Version\":\"2012-10-17\",\"Statement\":[{\"Effect\":\"Allow\",\"Action\":\"sts:AssumeRole\",\"Principal\":{\"Service\":\"scheduler.amazonaws.com\"}}]}","override_json":null,"override_policy_documents":null,"policy_id":null,"source_json":null,"source_policy_documents":null,"statement":[{"actions":["sts:AssumeRole"],"condition":[],"effect":"Allow","not_actions":[],"not_principals":[],"not_resources":[],"principals":[{"identifiers":["scheduler.amazonaws.com"],"type":"Service"}],"resources":[],"sid":""}],"version":"2012-10-17"},"sensitive_attributes":[]}]},{"mode":"data","type":"aws_iam_policy_document","name":"spot_fleet_assume","provider":"provider[\"registry.opentofu.org/hashicorp/aws\"]","instances":[{"schema_version":0,"attributes":{"id":"296567195","json":"{\n  \"Version\": \"2012-10-17\",\n  \"Statement\": [\n    {\n      \"Effect\": \"Allow\",\n      \"Action\": \"sts:AssumeRole\",\n      \"Principal\": {\n        \"Service\": \"spotfleet.amazonaws.com\"\n      }\n    }\n  ]\n}","minified_json":"{\"Version\":\"2012-10-17\",\"Statement\":[{\"Effect\":\"Allow\",\"Action\":\"sts:AssumeRole\",\"Principal\":{\"Service\":\"spotfleet.amazonaws.com\"}}]}","override_json":null,"override_policy_documents":null,"policy_id":null,"source_json":null,"source_policy_documents":null,"statement":[{"actions":["sts:AssumeRole"],"condition":[],"effect":"Allow","not_actions":[],"not_principals":[],"not_resources":[],"principals":[{"identifiers":["spotfleet.amazonaws.com"],"type":"Service"}],"resources":[],"sid":""}],"version":"2012-10-17"},"sensitive_attributes":[]}]},{"mode":"data","type":"aws_subnets","name":"default","provider":"provider[\"registry.opentofu.org/hashicorp/aws\"]","instances":[{"schema_version":0,"attributes":{"filter":[{"name":"vpc-id","values":["vpc-06dc7da7adafb205a"]}],"id":"eu-west-1","ids":["subnet-0ee90d8d79fa9c988","subnet-0d05f0c613d772a3b","subnet-0b5645f6228eeaf70"],"tags":null,"timeouts":null},"sensitive_attributes":[]}]},{"mode":"data","type":"aws_vpc","name":"default","provider":"provider[\"registry.opentofu.org/hashicorp/aws\"]","instances":[{"schema_version":0,"attributes":{"arn":"arn:aws:ec2:eu-west-1:671460501982:vpc/vpc-06dc7da7adafb205a","cidr_block":"172.31.0.0/16","cidr_block_associations":[{"association_id":"vpc-cidr-assoc-0d721e1b8e252b045","cidr_block":"172.31.0.0/16","state":"associated"}],"default":true,"dhcp_options_id":"dopt-04b35f7f96ca86426","enable_dns_hostnames":true,"enable_dns_support":true,"enable_network_address_usage_metrics":false,"filter":null,"id":"vpc-06dc7da7adafb205a","instance_tenancy":"default","ipv6_association_id":"","ipv6_cidr_block":"","main_route_table_id":"rtb-0efe2224d17dd36cb","owner_id":"671460501982","state":null,"tags":{},"timeouts":null},"sensitive_attributes":[]}]},{"mode":"managed","type":"aws_apprunner_service","name":"api","provider":"provider[\"registry.opentofu.org/hashicorp/aws\"]","instances":[{"index_key":0,"schema_version":0,"attributes":{"arn":"arn:aws:apprunner:eu-west-1:671460501982:service/predsea-api/92fea0a067324ec38d5724a307c6f61b","auto_scaling_configuration_arn":"arn:aws:apprunner:eu-west-1:671460501982:autoscalingconfiguration/DefaultConfiguration/1/00000000000000000000000000000001","encryption_configuration":[],"health_check_configuration":[{"healthy_threshold":1,"interval":10,"path":"/health","protocol":"HTTP","timeout":5,"unhealthy_threshold":5}],"id":"arn:aws:apprunner:eu-west-1:671460501982:service/predsea-api/92fea0a067324ec38d5724a307c6f61b","instance_configuration":[{"cpu":"1024","instance_role_arn":"arn:aws:iam::671460501982:role/predsea-apprunner-instance","memory":"2048"}],"network_configuration":[{"egress_configuration":[{"egress_type":"DEFAULT","vpc_connector_arn":""}],"ingress_configuration":[{"is_publicly_accessible":true}],"ip_address_type":"IPV4"}],"observability_configuration":[],"service_id":"92fea0a067324ec38d5724a307c6f61b","service_name":"predsea-api","service_url":"6vjfz8iqtb.eu-west-1.awsapprunner.com","source_configuration":[{"authentication_configuration":[{"access_role_arn":"arn:aws:iam::671460501982:role/predsea-apprunner-ecr","connection_arn":""}],"auto_deployments_enabled":false,"code_repository":[],"image_repository":[{"image_configuration":[{"port":"8080","runtime_environment_secrets":{},"runtime_environment_variables":{"AWS_REGION":"eu-west-1","PREDSEA_ATHENA_DATABASE":"predsea_validation","PREDSEA_ATHENA_OUTPUT":"s3://predsea-daily-outputs/athena-results/","PREDSEA_ATHENA_WORKGROUP":"predsea","PREDSEA_ENV":"prod","PREDSEA_S3_BUCKET":"predsea-daily-outputs","PREDSEA_S3_PREFIX":"predictions","PREDSEA_STORAGE_BACKEND":"s3"},"start_command":""}],"image_identifier":"671460501982.dkr.ecr.eu-west-1.amazonaws.com/predsea-api:latest","image_repository_type":"ECR"}]}],"status":"RUNNING","tags":{},"tags_all":{"Environment":"migration","ManagedBy":"Terraform","Project":"PredSea"}},"sensitive_attributes":[],"private":"bnVsbA==","dependencies":["aws_athena_workgroup.predsea","aws_ecr_repository.repos","aws_glue_catalog_database.validation","aws_iam_role.apprunner_access","aws_iam_role.apprunner_instance","aws_s3_bucket.outputs","data.aws_iam_policy_document.apprunner_assume","data.aws_iam_policy_document.apprunner_tasks_assume"]}]},{"mode":"managed","type":"aws_athena_workgroup","name":"predsea","provider":"provider[\"registry.opentofu.org/hashicorp/aws\"]","instances":[{"schema_version":0,"attributes":{"arn":"arn:aws:athena:eu-west-1:671460501982:workgroup/predsea","configuration":[{"bytes_scanned_cutoff_per_query":10737418240,"enforce_workgroup_configuration":true,"engine_version":[{"effective_engine_version":"Athena engine version 3","selected_engine_version":"AUTO"}],"execution_role":"","publish_cloudwatch_metrics_enabled":true,"requester_pays_enabled":false,"result_configuration":[{"acl_configuration":[],"encryption_configuration":[{"encryption_option":"SSE_S3","kms_key_arn":""}],"expected_bucket_owner":"","output_location":"s3://predsea-daily-outputs/athena-results/"}]}],"description":"","force_destroy":false,"id":"predsea","name":"predsea","state":"ENABLED","tags":{},"tags_all":{"Environment":"migration","ManagedBy":"Terraform","Project":"PredSea"}},"sensitive_attributes":[],"private":"bnVsbA==","dependencies":["aws_s3_bucket.outputs"]}]},{"mode":"managed","type":"aws_batch_compute_environment","name":"on_demand","provider":"provider[\"registry.opentofu.org/hashicorp/aws\"]","instances":[{"schema_version":0,"attributes":{"arn":"arn:aws:batch:eu-west-1:671460501982:compute-environment/predsea-models-on-demand","compute_environment_name":"predsea-models-on-demand","compute_environment_name_prefix":"","compute_resources":[{"allocation_strategy":"BEST_FIT_PROGRESSIVE","bid_percentage":0,"desired_vcpus":1,"ec2_configuration":[{"image_id_override":"","image_type":"ECS_AL2023"}],"ec2_key_pair":"","image_id":"","instance_role":"arn:aws:iam::671460501982:instance-profile/predsea-batch-instance","instance_type":["hpc7a.96xlarge"],"launch_template":[{"launch_template_id":"lt-004c46b9b63d7cc41","launch_template_name":"","version":"$Latest"}],"max_vcpus":300,"min_vcpus":1,"placement_group":"","security_group_ids":["sg-02b0308cae98a025f"],"spot_iam_fleet_role":"","subnets":["subnet-0b5645f6228eeaf70","subnet-0d05f0c613d772a3b","subnet-0ee90d8d79fa9c988"],"tags":{"Environment":"migration","ManagedBy":"Terraform","Name":"predsea-batch-model-on-demand","PredSeaDeploymentProfile":"batch","Project":"PredSea"},"type":"EC2"}],"ecs_cluster_arn":"arn:aws:ecs:eu-west-1:671460501982:cluster/AWSBatch-predsea-models-on-demand-8b52d136-85c0-3e95-92e5-01899a50fb7d","eks_configuration":[],"id":"predsea-models-on-demand","service_role":"arn:aws:iam::671460501982:role/aws-service-role/batch.amazonaws.com/AWSServiceRoleForBatch","state":"ENABLED","status":"VALID","status_reason":"ComputeEnvironment Healthy","tags":{},"tags_all":{"Environment":"migration","ManagedBy":"Terraform","Project":"PredSea"},"type":"MANAGED","update_policy":[{"job_execution_timeout_minutes":30,"terminate_jobs_on_update":false}]},"sensitive_attributes":[],"private":"bnVsbA==","dependencies":["aws_iam_instance_profile.batch","aws_iam_role.batch_instance","aws_iam_role_policy_attachment.batch_instance_ecs","aws_launch_template.hpc","aws_security_group.hpc","data.aws_iam_policy_document.ec2_assume","data.aws_subnets.default","data.aws_vpc.default"]}]},{"mode":"managed","type":"aws_batch_compute_environment","name":"spot","provider":"provider[\"registry.opentofu.org/hashicorp/aws\"]","instances":[{"schema_version":0,"attributes":{"arn":"arn:aws:batch:eu-west-1:671460501982:compute-environment/predsea-models-spot","compute_environment_name":"predsea-models-spot","compute_environment_name_prefix":"","compute_resources":[{"allocation_strategy":"SPOT_PRICE_CAPACITY_OPTIMIZED","bid_percentage":0,"desired_vcpus":0,"ec2_configuration":[{"image_id_override":"","image_type":"ECS_AL2023"}],"ec2_key_pair":"","image_id":"","instance_role":"arn:aws:iam::671460501982:instance-profile/predsea-batch-instance","instance_type":["c6i.32xlarge"],"launch_template":[{"launch_template_id":"lt-004c46b9b63d7cc41","launch_template_name":"","version":"$Latest"}],"max_vcpus":300,"min_vcpus":0,"placement_group":"","security_group_ids":["sg-02b0308cae98a025f"],"spot_iam_fleet_role":"arn:aws:iam::671460501982:role/predsea-batch-spot-fleet","subnets":["subnet-0b5645f6228eeaf70","subnet-0d05f0c613d772a3b","subnet-0ee90d8d79fa9c988"],"tags":{"Environment":"migration","ManagedBy":"Terraform","Name":"predsea-batch-model","PredSeaDeploymentProfile":"batch","Project":"PredSea"},"type":"SPOT"}],"ecs_cluster_arn":"arn:aws:ecs:eu-west-1:671460501982:cluster/AWSBatch-predsea-models-spot-39b48e60-9dc9-344f-814c-616d46acf13c","eks_configuration":[],"id":"predsea-models-spot","service_role":"arn:aws:iam::671460501982:role/aws-service-role/batch.amazonaws.com/AWSServiceRoleForBatch","state":"DISABLED","status":"DELETING","status_reason":"ComputeEnvironment Healthy","tags":{},"tags_all":{"Environment":"migration","ManagedBy":"Terraform","Project":"PredSea"},"type":"MANAGED","update_policy":[]},"sensitive_attributes":[],"private":"bnVsbA==","dependencies":["aws_iam_instance_profile.batch","aws_iam_role.batch_instance","aws_iam_role.batch_spot_fleet","aws_iam_role_policy_attachment.batch_instance_ecs","aws_iam_role_policy_attachment.batch_spot_fleet","aws_launch_template.hpc","aws_security_group.hpc","data.aws_iam_policy_document.ec2_assume","data.aws_iam_policy_document.spot_fleet_assume","data.aws_subnets.default","data.aws_vpc.default"]}]},{"mode":"managed","type":"aws_batch_job_definition","name":"model","provider":"provider[\"registry.opentofu.org/hashicorp/aws\"]","instances":[{"index_key":"croco_alboran_1km","schema_version":0,"attributes":{"arn":"arn:aws:batch:eu-west-1:671460501982:job-definition/predsea-croco_alboran_1km-hpc:14","arn_prefix":"arn:aws:batch:eu-west-1:671460501982:job-definition/predsea-croco_alboran_1km-hpc","container_properties":"{\"command\":[\"--region\",\"Ref::region\",\"--model\",\"croco\",\"--forecast-hours\",\"Ref::forecast_hours\",\"--mpi-ranks\",\"Ref::mpi_ranks\",\"--run-date\",\"Ref::run_date\",\"--run-id\",\"Ref::run_id\",\"--s3-bucket\",\"predsea-daily-outputs\"],\"environment\":[{\"name\":\"AWS_REGION\",\"value\":\"eu-west-1\"},{\"name\":\"PREDSEA_CROCO_GRID_S3_URI\",\"value\":\"s3://predsea-daily-outputs/static/native-marine/alboran_1km/croco-grid/v1.0/croco_grid.nc\"},{\"name\":\"PREDSEA_CROCO_OCEAN_SOURCE\",\"value\":\"cmems\"},{\"name\":\"PREDSEA_S3_BUCKET\",\"value\":\"predsea-daily-outputs\"}],\"executionRoleArn\":\"arn:aws:iam::671460501982:role/predsea-ecs-execution\",\"image\":\"671460501982.dkr.ecr.eu-west-1.amazonaws.com/predsea-croco@sha256:e7f07a8bd8340c3dfbfc9334ff502e76e51ed78c2b54230e1e619e4e7e8dde38\",\"jobRoleArn\":\"arn:aws:iam::671460501982:role/predsea-task\",\"linuxParameters\":{\"devices\":[],\"sharedMemorySize\":8192,\"tmpfs\":[]},\"logConfiguration\":{\"logDriver\":\"awslogs\",\"options\":{\"awslogs-group\":\"/predsea/croco\",\"awslogs-region\":\"eu-west-1\",\"awslogs-stream-prefix\":\"batch\"},\"secretOptions\":[]},\"mountPoints\":[],\"resourceRequirements\":[{\"type\":\"VCPU\",\"value\":\"192\"},{\"type\":\"MEMORY\",\"value\":\"100000\"}],\"secrets\":[{\"name\":\"COPERNICUS_USERNAME\",\"valueFrom\":\"arn:aws:secretsmanager:eu-west-1:671460501982:secret:predsea/COPERNICUS_USERNAME-ZJe5L0\"},{\"name\":\"COPERNICUS_PASSWORD\",\"valueFrom\":\"arn:aws:secretsmanager:eu-west-1:671460501982:secret:predsea/COPERNICUS_PASSWORD-7QNNi2\"}],\"ulimits\":[],\"volumes\":[]}","deregister_on_new_revision":true,"ecs_properties":"","eks_properties":[],"id":"arn:aws:batch:eu-west-1:671460501982:job-definition/predsea-croco_alboran_1km-hpc:14","name":"predsea-croco_alboran_1km-hpc","node_properties":"","parameters":{"forecast_hours":"72","mpi_ranks":"192","run_date":"override-at-submission","run_id":"override-at-submission"},"platform_capabilities":["EC2"],"propagate_tags":true,"retry_strategy":[{"attempts":1,"evaluate_on_exit":[]}],"revision":14,"scheduling_priority":0,"tags":{},"tags_all":{"Environment":"migration","ManagedBy":"Terraform","Project":"PredSea"},"timeout":[{"attempt_duration_seconds":45000}],"type":"container"},"sensitive_attributes":[],"private":"bnVsbA==","dependencies":["aws_cloudwatch_log_group.model","aws_ecr_repository.repos","aws_iam_role.ecs_execution","aws_iam_role.task","aws_s3_bucket.outputs","data.aws_caller_identity.current","data.aws_iam_policy_document.ecs_assume"]},{"index_key":"croco_algerian_1km","schema_version":0,"attributes":{"arn":"arn:aws:batch:eu-west-1:671460501982:job-definition/predsea-croco_algerian_1km-hpc:9","arn_prefix":"arn:aws:batch:eu-west-1:671460501982:job-definition/predsea-croco_algerian_1km-hpc","container_properties":"{\"command\":[\"--region\",\"Ref::region\",\"--model\",\"croco\",\"--forecast-hours\",\"Ref::forecast_hours\",\"--mpi-ranks\",\"Ref::mpi_ranks\",\"--run-date\",\"Ref::run_date\",\"--run-id\",\"Ref::run_id\",\"--s3-bucket\",\"predsea-daily-outputs\"],\"environment\":[{\"name\":\"AWS_REGION\",\"value\":\"eu-west-1\"},{\"name\":\"PREDSEA_CROCO_GRID_S3_URI\",\"value\":\"s3://predsea-daily-outputs/static/native-marine/algerian_1km/croco-grid/v1.0/croco_grid.nc\"},{\"name\":\"PREDSEA_CROCO_OCEAN_SOURCE\",\"value\":\"cmems\"},{\"name\":\"PREDSEA_S3_BUCKET\",\"value\":\"predsea-daily-outputs\"}],\"executionRoleArn\":\"arn:aws:iam::671460501982:role/predsea-ecs-execution\",\"image\":\"671460501982.dkr.ecr.eu-west-1.amazonaws.com/predsea-croco@sha256:e7f07a8bd8340c3dfbfc9334ff502e76e51ed78c2b54230e1e619e4e7e8dde38\",\"jobRoleArn\":\"arn:aws:iam::671460501982:role/predsea-task\",\"linuxParameters\":{\"devices\":[],\"sharedMemorySize\":8192,\"tmpfs\":[]},\"logConfiguration\":{\"logDriver\":\"awslogs\",\"options\":{\"awslogs-group\":\"/predsea/croco\",\"awslogs-region\":\"eu-west-1\",\"awslogs-stream-prefix\":\"batch\"},\"secretOptions\":[]},\"mountPoints\":[],\"resourceRequirements\":[{\"type\":\"VCPU\",\"value\":\"192\"},{\"type\":\"MEMORY\",\"value\":\"100000\"}],\"secrets\":[{\"name\":\"COPERNICUS_USERNAME\",\"valueFrom\":\"arn:aws:secretsmanager:eu-west-1:671460501982:secret:predsea/COPERNICUS_USERNAME-ZJe5L0\"},{\"name\":\"COPERNICUS_PASSWORD\",\"valueFrom\":\"arn:aws:secretsmanager:eu-west-1:671460501982:secret:predsea/COPERNICUS_PASSWORD-7QNNi2\"}],\"ulimits\":[],\"volumes\":[]}","deregister_on_new_revision":true,"ecs_properties":"","eks_properties":[],"id":"arn:aws:batch:eu-west-1:671460501982:job-definition/predsea-croco_algerian_1km-hpc:9","name":"predsea-croco_algerian_1km-hpc","node_properties":"","parameters":{"forecast_hours":"72","mpi_ranks":"192","run_date":"override-at-submission","run_id":"override-at-submission"},"platform_capabilities":["EC2"],"propagate_tags":true,"retry_strategy":[{"attempts":1,"evaluate_on_exit":[]}],"revision":9,"scheduling_priority":0,"tags":{},"tags_all":{"Environment":"migration","ManagedBy":"Terraform","Project":"PredSea"},"timeout":[{"attempt_duration_seconds":45000}],"type":"container"},"sensitive_attributes":[],"private":"bnVsbA==","dependencies":["aws_cloudwatch_log_group.model","aws_ecr_repository.repos","aws_iam_role.ecs_execution","aws_iam_role.task","aws_s3_bucket.outputs","data.aws_caller_identity.current","data.aws_iam_policy_document.ecs_assume"]},{"index_key":"croco_balearic_1km","schema_version":0,"attributes":{"arn":"arn:aws:batch:eu-west-1:671460501982:job-definition/predsea-croco_balearic_1km-hpc:11","arn_prefix":"arn:aws:batch:eu-west-1:671460501982:job-definition/predsea-croco_balearic_1km-hpc","container_properties":"{\"command\":[\"--region\",\"Ref::region\",\"--model\",\"croco\",\"--forecast-hours\",\"Ref::forecast_hours\",\"--mpi-ranks\",\"Ref::mpi_ranks\",\"--run-date\",\"Ref::run_date\",\"--run-id\",\"Ref::run_id\",\"--s3-bucket\",\"predsea-daily-outputs\"],\"environment\":[{\"name\":\"AWS_REGION\",\"value\":\"eu-west-1\"},{\"name\":\"PREDSEA_CROCO_GRID_S3_URI\",\"value\":\"s3://predsea-daily-outputs/static/native-marine/balearic_1km/croco-grid/v1.0/croco_grid.nc\"},{\"name\":\"PREDSEA_CROCO_OCEAN_SOURCE\",\"value\":\"cmems\"},{\"name\":\"PREDSEA_S3_BUCKET\",\"value\":\"predsea-daily-outputs\"}],\"executionRoleArn\":\"arn:aws:iam::671460501982:role/predsea-ecs-execution\",\"image\":\"671460501982.dkr.ecr.eu-west-1.amazonaws.com/predsea-croco@sha256:e7f07a8bd8340c3dfbfc9334ff502e76e51ed78c2b54230e1e619e4e7e8dde38\",\"jobRoleArn\":\"arn:aws:iam::671460501982:role/predsea-task\",\"linuxParameters\":{\"devices\":[],\"sharedMemorySize\":8192,\"tmpfs\":[]},\"logConfiguration\":{\"logDriver\":\"awslogs\",\"options\":{\"awslogs-group\":\"/predsea/croco\",\"awslogs-region\":\"eu-west-1\",\"awslogs-stream-prefix\":\"batch\"},\"secretOptions\":[]},\"mountPoints\":[],\"resourceRequirements\":[{\"type\":\"VCPU\",\"value\":\"192\"},{\"type\":\"MEMORY\",\"value\":\"100000\"}],\"secrets\":[{\"name\":\"COPERNICUS_USERNAME\",\"valueFrom\":\"arn:aws:secretsmanager:eu-west-1:671460501982:secret:predsea/COPERNICUS_USERNAME-ZJe5L0\"},{\"name\":\"COPERNICUS_PASSWORD\",\"valueFrom\":\"arn:aws:secretsmanager:eu-west-1:671460501982:secret:predsea/COPERNICUS_PASSWORD-7QNNi2\"}],\"ulimits\":[],\"volumes\":[]}","deregister_on_new_revision":true,"ecs_properties":"","eks_properties":[],"id":"arn:aws:batch:eu-west-1:671460501982:job-definition/predsea-croco_balearic_1km-hpc:11","name":"predsea-croco_balearic_1km-hpc","node_properties":"","parameters":{"forecast_hours":"72","mpi_ranks":"192","run_date":"override-at-submission","run_id":"override-at-submission"},"platform_capabilities":["EC2"],"propagate_tags":true,"retry_strategy":[{"attempts":1,"evaluate_on_exit":[]}],"revision":11,"scheduling_priority":0,"tags":{},"tags_all":{"Environment":"migration","ManagedBy":"Terraform","Project":"PredSea"},"timeout":[{"attempt_duration_seconds":45000}],"type":"container"},"sensitive_attributes":[],"private":"bnVsbA==","dependencies":["aws_cloudwatch_log_group.model","aws_ecr_repository.repos","aws_iam_role.ecs_execution","aws_iam_role.task","aws_s3_bucket.outputs","data.aws_caller_identity.current","data.aws_iam_policy_document.ecs_assume"]},{"index_key":"croco_gulf_of_lion_1km","schema_version":0,"attributes":{"arn":"arn:aws:batch:eu-west-1:671460501982:job-definition/predsea-croco_gulf_of_lion_1km-hpc:11","arn_prefix":"arn:aws:batch:eu-west-1:671460501982:job-definition/predsea-croco_gulf_of_lion_1km-hpc","container_properties":"{\"command\":[\"--region\",\"Ref::region\",\"--model\",\"croco\",\"--forecast-hours\",\"Ref::forecast_hours\",\"--mpi-ranks\",\"Ref::mpi_ranks\",\"--run-date\",\"Ref::run_date\",\"--run-id\",\"Ref::run_id\",\"--s3-bucket\",\"predsea-daily-outputs\"],\"environment\":[{\"name\":\"AWS_REGION\",\"value\":\"eu-west-1\"},{\"name\":\"PREDSEA_CROCO_GRID_S3_URI\",\"value\":\"s3://predsea-daily-outputs/static/native-marine/gulf_of_lion_1km/croco-grid/v1.0/croco_grid.nc\"},{\"name\":\"PREDSEA_CROCO_OCEAN_SOURCE\",\"value\":\"cmems\"},{\"name\":\"PREDSEA_S3_BUCKET\",\"value\":\"predsea-daily-outputs\"}],\"executionRoleArn\":\"arn:aws:iam::671460501982:role/predsea-ecs-execution\",\"image\":\"671460501982.dkr.ecr.eu-west-1.amazonaws.com/predsea-croco@sha256:e7f07a8bd8340c3dfbfc9334ff502e76e51ed78c2b54230e1e619e4e7e8dde38\",\"jobRoleArn\":\"arn:aws:iam::671460501982:role/predsea-task\",\"linuxParameters\":{\"devices\":[],\"sharedMemorySize\":8192,\"tmpfs\":[]},\"logConfiguration\":{\"logDriver\":\"awslogs\",\"options\":{\"awslogs-stream-prefix\":\"batch\",\"awslogs-group\":\"/predsea/croco\",\"awslogs-region\":\"eu-west-1\"},\"secretOptions\":[]},\"mountPoints\":[],\"resourceRequirements\":[{\"type\":\"VCPU\",\"value\":\"192\"},{\"type\":\"MEMORY\",\"value\":\"100000\"}],\"secrets\":[{\"name\":\"COPERNICUS_USERNAME\",\"valueFrom\":\"arn:aws:secretsmanager:eu-west-1:671460501982:secret:predsea/COPERNICUS_USERNAME-ZJe5L0\"},{\"name\":\"COPERNICUS_PASSWORD\",\"valueFrom\":\"arn:aws:secretsmanager:eu-west-1:671460501982:secret:predsea/COPERNICUS_PASSWORD-7QNNi2\"}],\"ulimits\":[],\"volumes\":[]}","deregister_on_new_revision":true,"ecs_properties":"","eks_properties":[],"id":"arn:aws:batch:eu-west-1:671460501982:job-definition/predsea-croco_gulf_of_lion_1km-hpc:11","name":"predsea-croco_gulf_of_lion_1km-hpc","node_properties":"","parameters":{"forecast_hours":"72","mpi_ranks":"192","run_date":"override-at-submission","run_id":"override-at-submission"},"platform_capabilities":["EC2"],"propagate_tags":true,"retry_strategy":[{"attempts":1,"evaluate_on_exit":[]}],"revision":11,"scheduling_priority":0,"tags":{},"tags_all":{"Environment":"migration","ManagedBy":"Terraform","Project":"PredSea"},"timeout":[{"attempt_duration_seconds":45000}],"type":"container"},"sensitive_attributes":[],"private":"bnVsbA==","dependencies":["aws_cloudwatch_log_group.model","aws_ecr_repository.repos","aws_iam_role.ecs_execution","aws_iam_role.task","aws_s3_bucket.outputs","data.aws_caller_identity.current","data.aws_iam_policy_document.ecs_assume"]},{"index_key":"croco_tyrrhenian_1km","schema_version":0,"attributes":{"arn":"arn:aws:batch:eu-west-1:671460501982:job-definition/predsea-croco_tyrrhenian_1km-hpc:11","arn_prefix":"arn:aws:batch:eu-west-1:671460501982:job-definition/predsea-croco_tyrrhenian_1km-hpc","container_properties":"{\"command\":[\"--region\",\"Ref::region\",\"--model\",\"croco\",\"--forecast-hours\",\"Ref::forecast_hours\",\"--mpi-ranks\",\"Ref::mpi_ranks\",\"--run-date\",\"Ref::run_date\",\"--run-id\",\"Ref::run_id\",\"--s3-bucket\",\"predsea-daily-outputs\"],\"environment\":[{\"name\":\"AWS_REGION\",\"value\":\"eu-west-1\"},{\"name\":\"PREDSEA_CROCO_GRID_S3_URI\",\"value\":\"s3://predsea-daily-outputs/static/native-marine/tyrrhenian_1km/croco-grid/v1.0/croco_grid.nc\"},{\"name\":\"PREDSEA_CROCO_OCEAN_SOURCE\",\"value\":\"cmems\"},{\"name\":\"PREDSEA_S3_BUCKET\",\"value\":\"predsea-daily-outputs\"}],\"executionRoleArn\":\"arn:aws:iam::671460501982:role/predsea-ecs-execution\",\"image\":\"671460501982.dkr.ecr.eu-west-1.amazonaws.com/predsea-croco@sha256:e7f07a8bd8340c3dfbfc9334ff502e76e51ed78c2b54230e1e619e4e7e8dde38\",\"jobRoleArn\":\"arn:aws:iam::671460501982:role/predsea-task\",\"linuxParameters\":{\"devices\":[],\"sharedMemorySize\":8192,\"tmpfs\":[]},\"logConfiguration\":{\"logDriver\":\"awslogs\",\"options\":{\"awslogs-stream-prefix\":\"batch\",\"awslogs-group\":\"/predsea/croco\",\"awslogs-region\":\"eu-west-1\"},\"secretOptions\":[]},\"mountPoints\":[],\"resourceRequirements\":[{\"type\":\"VCPU\",\"value\":\"192\"},{\"type\":\"MEMORY\",\"value\":\"100000\"}],\"secrets\":[{\"name\":\"COPERNICUS_USERNAME\",\"valueFrom\":\"arn:aws:secretsmanager:eu-west-1:671460501982:secret:predsea/COPERNICUS_USERNAME-ZJe5L0\"},{\"name\":\"COPERNICUS_PASSWORD\",\"valueFrom\":\"arn:aws:secretsmanager:eu-west-1:671460501982:secret:predsea/COPERNICUS_PASSWORD-7QNNi2\"}],\"ulimits\":[],\"volumes\":[]}","deregister_on_new_revision":true,"ecs_properties":"","eks_properties":[],"id":"arn:aws:batch:eu-west-1:671460501982:job-definition/predsea-croco_tyrrhenian_1km-hpc:11","name":"predsea-croco_tyrrhenian_1km-hpc","node_properties":"","parameters":{"forecast_hours":"72","mpi_ranks":"192","run_date":"override-at-submission","run_id":"override-at-submission"},"platform_capabilities":["EC2"],"propagate_tags":true,"retry_strategy":[{"attempts":1,"evaluate_on_exit":[]}],"revision":11,"scheduling_priority":0,"tags":{},"tags_all":{"Environment":"migration","ManagedBy":"Terraform","Project":"PredSea"},"timeout":[{"attempt_duration_seconds":45000}],"type":"container"},"sensitive_attributes":[],"private":"bnVsbA==","dependencies":["aws_cloudwatch_log_group.model","aws_ecr_repository.repos","aws_iam_role.ecs_execution","aws_iam_role.task","aws_s3_bucket.outputs","data.aws_caller_identity.current","data.aws_iam_policy_document.ecs_assume"]},{"index_key":"ecmwf","schema_version":0,"attributes":{"arn":"arn:aws:batch:eu-west-1:671460501982:job-definition/predsea-ecmwf-hpc:3","arn_prefix":"arn:aws:batch:eu-west-1:671460501982:job-definition/predsea-ecmwf-hpc","container_properties":"{\"command\":[\"--run-date\",\"Ref::run_date\",\"--lead-hours\",\"Ref::lead_hours\",\"--s3-bucket\",\"predsea-daily-outputs\"],\"environment\":[{\"name\":\"AWS_REGION\",\"value\":\"eu-west-1\"},{\"name\":\"PREDSEA_S3_BUCKET\",\"value\":\"predsea-daily-outputs\"}],\"executionRoleArn\":\"arn:aws:iam::671460501982:role/predsea-ecs-execution\",\"image\":\"671460501982.dkr.ecr.eu-west-1.amazonaws.com/predsea-ecmwf@sha256:8540cf54751bb95ea23df9794dc7268eaf65b76b4b2b6598ea678ac2794bb93c\",\"jobRoleArn\":\"arn:aws:iam::671460501982:role/predsea-task\",\"linuxParameters\":{\"devices\":[],\"sharedMemorySize\":8192,\"tmpfs\":[]},\"logConfiguration\":{\"logDriver\":\"awslogs\",\"options\":{\"awslogs-group\":\"/predsea/ecmwf\",\"awslogs-region\":\"eu-west-1\",\"awslogs-stream-prefix\":\"batch\"},\"secretOptions\":[]},\"mountPoints\":[],\"resourceRequirements\":[{\"type\":\"VCPU\",\"value\":\"4\"},{\"type\":\"MEMORY\",\"value\":\"8000\"}],\"secrets\":[],\"ulimits\":[],\"volumes\":[]}","deregister_on_new_revision":true,"ecs_properties":"","eks_properties":[],"id":"arn:aws:batch:eu-west-1:671460501982:job-definition/predsea-ecmwf-hpc:3","name":"predsea-ecmwf-hpc","node_properties":"","parameters":{"lead_hours":"24","run_date":"override-at-submission"},"platform_capabilities":["EC2"],"propagate_tags":true,"retry_strategy":[{"attempts":1,"evaluate_on_exit":[]}],"revision":3,"scheduling_priority":0,"tags":{},"tags_all":{"Environment":"migration","ManagedBy":"Terraform","Project":"PredSea"},"timeout":[{"attempt_duration_seconds":3600}],"type":"container"},"sensitive_attributes":[],"private":"bnVsbA==","dependencies":["aws_cloudwatch_log_group.model","aws_ecr_repository.repos","aws_iam_role.ecs_execution","aws_iam_role.task","aws_s3_bucket.outputs","data.aws_caller_identity.current","data.aws_iam_policy_document.ecs_assume"]},{"index_key":"wrf","schema_version":0,"attributes":{"arn":"arn:aws:batch:eu-west-1:671460501982:job-definition/predsea-wrf-hpc:11","arn_prefix":"arn:aws:batch:eu-west-1:671460501982:job-definition/predsea-wrf-hpc","container_properties":"{\"command\":[\"--run-date\",\"Ref::run_date\",\"--run-id\",\"Ref::run_id\",\"--forecast-hours\",\"Ref::forecast_hours\",\"--s3-bucket\",\"predsea-daily-outputs\"],\"environment\":[{\"name\":\"AWS_REGION\",\"value\":\"eu-west-1\"},{\"name\":\"MPI_NPROC_X\",\"value\":\"24\"},{\"name\":\"MPI_NPROC_Y\",\"value\":\"8\"},{\"name\":\"MPI_PROCS\",\"value\":\"192\"},{\"name\":\"PREDSEA_S3_BUCKET\",\"value\":\"predsea-daily-outputs\"},{\"name\":\"PREDSEA_WRF_GEOG_RES\",\"value\":\"lowres+modis_30s_lake+default\"}],\"executionRoleArn\":\"arn:aws:iam::671460501982:role/predsea-ecs-execution\",\"image\":\"671460501982.dkr.ecr.eu-west-1.amazonaws.com/predsea-wrf@sha256:1204c998a332fd00c26e316a1367e365423cc3f01f6379fffb272065db89da5e\",\"jobRoleArn\":\"arn:aws:iam::671460501982:role/predsea-task\",\"linuxParameters\":{\"devices\":[],\"sharedMemorySize\":8192,\"tmpfs\":[]},\"logConfiguration\":{\"logDriver\":\"awslogs\",\"options\":{\"awslogs-group\":\"/predsea/wrf\",\"awslogs-region\":\"eu-west-1\",\"awslogs-stream-prefix\":\"batch\"},\"secretOptions\":[]},\"mountPoints\":[],\"resourceRequirements\":[{\"type\":\"VCPU\",\"value\":\"192\"},{\"type\":\"MEMORY\",\"value\":\"240000\"}],\"secrets\":[],\"ulimits\":[],\"volumes\":[]}","deregister_on_new_revision":true,"ecs_properties":"","eks_properties":[],"id":"arn:aws:batch:eu-west-1:671460501982:job-definition/predsea-wrf-hpc:11","name":"predsea-wrf-hpc","node_properties":"","parameters":{"forecast_hours":"72","run_date":"override-at-submission","run_id":"override-at-submission"},"platform_capabilities":["EC2"],"propagate_tags":true,"retry_strategy":[{"attempts":1,"evaluate_on_exit":[]}],"revision":11,"scheduling_priority":0,"tags":{},"tags_all":{"Environment":"migration","ManagedBy":"Terraform","Project":"PredSea"},"timeout":[{"attempt_duration_seconds":45000}],"type":"container"},"sensitive_attributes":[],"private":"bnVsbA==","dependencies":["aws_cloudwatch_log_group.model","aws_ecr_repository.repos","aws_iam_role.ecs_execution","aws_iam_role.task","aws_s3_bucket.outputs","data.aws_caller_identity.current","data.aws_iam_policy_document.ecs_assume"]},{"index_key":"ww3","schema_version":0,"attributes":{"arn":"arn:aws:batch:eu-west-1:671460501982:job-definition/predsea-ww3-hpc:9","arn_prefix":"arn:aws:batch:eu-west-1:671460501982:job-definition/predsea-ww3-hpc","container_properties":"{\"command\":[\"--model\",\"ww3\",\"--region\",\"Ref::region\",\"--forecast-hours\",\"Ref::forecast_hours\",\"--mpi-ranks\",\"Ref::mpi_ranks\",\"--s3-bucket\",\"predsea-daily-outputs\",\"--run-date\",\"Ref::run_date\",\"--run-id\",\"Ref::run_id\"],\"environment\":[{\"name\":\"AWS_REGION\",\"value\":\"eu-west-1\"},{\"name\":\"PREDSEA_S3_BUCKET\",\"value\":\"predsea-daily-outputs\"}],\"executionRoleArn\":\"arn:aws:iam::671460501982:role/predsea-ecs-execution\",\"image\":\"671460501982.dkr.ecr.eu-west-1.amazonaws.com/predsea-ww3@sha256:6ad5b323114b0f0bced2b1c434e4143d48e8519ed8574cb361ee671daa8f78db\",\"jobRoleArn\":\"arn:aws:iam::671460501982:role/predsea-task\",\"linuxParameters\":{\"devices\":[],\"sharedMemorySize\":8192,\"tmpfs\":[]},\"logConfiguration\":{\"logDriver\":\"awslogs\",\"options\":{\"awslogs-group\":\"/predsea/ww3\",\"awslogs-region\":\"eu-west-1\",\"awslogs-stream-prefix\":\"batch\"},\"secretOptions\":[]},\"mountPoints\":[],\"resourceRequirements\":[{\"type\":\"VCPU\",\"value\":\"64\"},{\"type\":\"MEMORY\",\"value\":\"48000\"}],\"secrets\":[],\"ulimits\":[],\"volumes\":[]}","deregister_on_new_revision":true,"ecs_properties":"","eks_properties":[],"id":"arn:aws:batch:eu-west-1:671460501982:job-definition/predsea-ww3-hpc:9","name":"predsea-ww3-hpc","node_properties":"","parameters":{"forecast_hours":"72","mpi_ranks":"64","run_date":"override-at-submission","run_id":"override-at-submission"},"platform_capabilities":["EC2"],"propagate_tags":true,"retry_strategy":[{"attempts":1,"evaluate_on_exit":[]}],"revision":9,"scheduling_priority":0,"tags":{},"tags_all":{"Environment":"migration","ManagedBy":"Terraform","Project":"PredSea"},"timeout":[{"attempt_duration_seconds":45000}],"type":"container"},"sensitive_attributes":[],"private":"bnVsbA==","dependencies":["aws_cloudwatch_log_group.model","aws_ecr_repository.repos","aws_iam_role.ecs_execution","aws_iam_role.task","aws_s3_bucket.outputs","data.aws_caller_identity.current","data.aws_iam_policy_document.ecs_assume"]}]},{"mode":"managed","type":"aws_batch_job_queue","name":"canary","provider":"provider[\"registry.opentofu.org/hashicorp/aws\"]","instances":[{"schema_version":1,"attributes":{"arn":"arn:aws:batch:eu-west-1:671460501982:job-queue/predsea-models-canary","compute_environment_order":[{"compute_environment":"arn:aws:batch:eu-west-1:671460501982:compute-environment/predsea-models-on-demand","order":1}],"compute_environments":null,"id":"arn:aws:batch:eu-west-1:671460501982:job-queue/predsea-models-canary","job_state_time_limit_action":[],"name":"predsea-models-canary","priority":20,"scheduling_policy_arn":null,"state":"ENABLED","tags":null,"tags_all":{"Environment":"migration","ManagedBy":"Terraform","Project":"PredSea"},"timeouts":null},"sensitive_attributes":[],"dependencies":["aws_batch_compute_environment.spot","aws_iam_instance_profile.batch","aws_iam_role.batch_instance","aws_iam_role.batch_spot_fleet","aws_iam_role_policy_attachment.batch_instance_ecs","aws_iam_role_policy_attachment.batch_spot_fleet","aws_launch_template.hpc","aws_security_group.hpc","data.aws_iam_policy_document.ec2_assume","data.aws_iam_policy_document.spot_fleet_assume","data.aws_subnets.default","data.aws_vpc.default"]}]},{"mode":"managed","type":"aws_batch_job_queue","name":"models","provider":"provider[\"registry.opentofu.org/hashicorp/aws\"]","instances":[{"schema_version":1,"attributes":{"arn":"arn:aws:batch:eu-west-1:671460501982:job-queue/predsea-models","compute_environment_order":[{"compute_environment":"arn:aws:batch:eu-west-1:671460501982:compute-environment/predsea-models-on-demand","order":1}],"compute_environments":null,"id":"arn:aws:batch:eu-west-1:671460501982:job-queue/predsea-models","job_state_time_limit_action":[],"name":"predsea-models","priority":10,"scheduling_policy_arn":null,"state":"ENABLED","tags":null,"tags_all":{"Environment":"migration","ManagedBy":"Terraform","Project":"PredSea"},"timeouts":null},"sensitive_attributes":[],"dependencies":["aws_batch_compute_environment.on_demand","aws_batch_compute_environment.spot","aws_iam_instance_profile.batch","aws_iam_role.batch_instance","aws_iam_role.batch_spot_fleet","aws_iam_role_policy_attachment.batch_instance_ecs","aws_iam_role_policy_attachment.batch_spot_fleet","aws_launch_template.hpc","aws_security_group.hpc","data.aws_iam_policy_document.ec2_assume","data.aws_iam_policy_document.spot_fleet_assume","data.aws_subnets.default","data.aws_vpc.default"]}]},{"mode":"managed","type":"aws_cloudwatch_log_group","name":"api","provider":"provider[\"registry.opentofu.org/hashicorp/aws\"]","instances":[{"schema_version":0,"attributes":{"arn":"arn:aws:logs:eu-west-1:671460501982:log-group:/predsea/api","id":"/predsea/api","kms_key_id":"","log_group_class":"STANDARD","name":"/predsea/api","name_prefix":"","retention_in_days":14,"skip_destroy":false,"tags":{},"tags_all":{"Environment":"migration","ManagedBy":"Terraform","Project":"PredSea"}},"sensitive_attributes":[],"private":"bnVsbA=="}]},{"mode":"managed","type":"aws_cloudwatch_log_group","name":"model","provider":"provider[\"registry.opentofu.org/hashicorp/aws\"]","instances":[{"index_key":"croco","schema_version":0,"attributes":{"arn":"arn:aws:logs:eu-west-1:671460501982:log-group:/predsea/croco","id":"/predsea/croco","kms_key_id":"","log_group_class":"STANDARD","name":"/predsea/croco","name_prefix":"","retention_in_days":30,"skip_destroy":false,"tags":{},"tags_all":{"Environment":"migration","ManagedBy":"Terraform","Project":"PredSea"}},"sensitive_attributes":[],"private":"bnVsbA=="},{"index_key":"ecmwf","schema_version":0,"attributes":{"arn":"arn:aws:logs:eu-west-1:671460501982:log-group:/predsea/ecmwf","id":"/predsea/ecmwf","kms_key_id":"","log_group_class":"STANDARD","name":"/predsea/ecmwf","name_prefix":"","retention_in_days":30,"skip_destroy":false,"tags":{},"tags_all":{"Environment":"migration","ManagedBy":"Terraform","Project":"PredSea"}},"sensitive_attributes":[],"private":"bnVsbA=="},{"index_key":"wrf","schema_version":0,"attributes":{"arn":"arn:aws:logs:eu-west-1:671460501982:log-group:/predsea/wrf","id":"/predsea/wrf","kms_key_id":"","log_group_class":"STANDARD","name":"/predsea/wrf","name_prefix":"","retention_in_days":30,"skip_destroy":false,"tags":{},"tags_all":{"Environment":"migration","ManagedBy":"Terraform","Project":"PredSea"}},"sensitive_attributes":[],"private":"bnVsbA=="},{"index_key":"ww3","schema_version":0,"attributes":{"arn":"arn:aws:logs:eu-west-1:671460501982:log-group:/predsea/ww3","id":"/predsea/ww3","kms_key_id":"","log_group_class":"STANDARD","name":"/predsea/ww3","name_prefix":"","retention_in_days":30,"skip_destroy":false,"tags":{},"tags_all":{"Environment":"migration","ManagedBy":"Terraform","Project":"PredSea"}},"sensitive_attributes":[],"private":"bnVsbA=="}]},{"mode":"managed","type":"aws_cloudwatch_log_group","name":"orchestrator","provider":"provider[\"registry.opentofu.org/hashicorp/aws\"]","instances":[{"schema_version":0,"attributes":{"arn":"arn:aws:logs:eu-west-1:671460501982:log-group:/predsea/orchestrator","id":"/predsea/orchestrator","kms_key_id":"","log_group_class":"STANDARD","name":"/predsea/orchestrator","name_prefix":"","retention_in_days":30,"skip_destroy":false,"tags":{},"tags_all":{"Environment":"migration","ManagedBy":"Terraform","Project":"PredSea"}},"sensitive_attributes":[],"private":"bnVsbA=="}]},{"mode":"managed","type":"aws_codebuild_project","name":"images","provider":"provider[\"registry.opentofu.org/hashicorp/aws\"]","instances":[{"schema_version":0,"attributes":{"arn":"arn:aws:codebuild:eu-west-1:671460501982:project/predsea-images","artifacts":[{"artifact_identifier":"","bucket_owner_access":"","encryption_disabled":false,"location":"","name":"","namespace_type":"","override_artifact_name":false,"packaging":"","path":"","type":"NO_ARTIFACTS"}],"badge_enabled":false,"badge_url":"","build_batch_config":[],"build_timeout":120,"cache":[{"location":"","modes":[],"type":"NO_CACHE"}],"concurrent_build_limit":0,"description":"","encryption_key":"arn:aws:kms:eu-west-1:671460501982:alias/aws/s3","environment":[{"certificate":"","compute_type":"BUILD_GENERAL1_LARGE","environment_variable":[{"name":"API_REPOSITORY","type":"PLAINTEXT","value":"671460501982.dkr.ecr.eu-west-1.amazonaws.com/predsea-api"},{"name":"ORCHESTRATOR_REPOSITORY","type":"PLAINTEXT","value":"671460501982.dkr.ecr.eu-west-1.amazonaws.com/predsea-orchestrator"},{"name":"WRF_REPOSITORY","type":"PLAINTEXT","value":"671460501982.dkr.ecr.eu-west-1.amazonaws.com/predsea-wrf"},{"name":"CROCO_REPOSITORY","type":"PLAINTEXT","value":"671460501982.dkr.ecr.eu-west-1.amazonaws.com/predsea-croco"},{"name":"WW3_REPOSITORY","type":"PLAINTEXT","value":"671460501982.dkr.ecr.eu-west-1.amazonaws.com/predsea-ww3"},{"name":"ECMWF_REPOSITORY","type":"PLAINTEXT","value":"671460501982.dkr.ecr.eu-west-1.amazonaws.com/predsea-ecmwf"}],"fleet":[],"image":"aws/codebuild/standard:7.0","image_pull_credentials_type":"CODEBUILD","privileged_mode":true,"registry_credential":[],"type":"LINUX_CONTAINER"}],"file_system_locations":[],"id":"arn:aws:codebuild:eu-west-1:671460501982:project/predsea-images","logs_config":[{"cloudwatch_logs":[{"group_name":"/predsea/codebuild","status":"ENABLED","stream_name":"images"}],"s3_logs":[{"bucket_owner_access":"","encryption_disabled":false,"location":"","status":"DISABLED"}]}],"name":"predsea-images","project_visibility":"PRIVATE","public_project_alias":"","queued_timeout":480,"resource_access_role":"","secondary_artifacts":[],"secondary_source_version":[],"secondary_sources":[],"service_role":"arn:aws:iam::671460501982:role/predsea-codebuild","source":[{"auth":[],"build_status_config":[],"buildspec":"buildspec.aws.yml","git_clone_depth":0,"git_submodules_config":[],"insecure_ssl":false,"location":"predsea-daily-outputs/codebuild-source/source.zip","report_build_status":false,"type":"S3"}],"source_version":"","tags":{},"tags_all":{"Environment":"migration","ManagedBy":"Terraform","Project":"PredSea"},"vpc_config":[]},"sensitive_attributes":[],"private":"bnVsbA==","dependencies":["aws_ecr_repository.repos","aws_iam_role.codebuild","aws_s3_bucket.outputs","data.aws_iam_policy_document.codebuild_assume"]}]},{"mode":"managed","type":"aws_ecr_lifecycle_policy","name":"repos","provider":"provider[\"registry.opentofu.org/hashicorp/aws\"]","instances":[{"index_key":"api","schema_version":0,"attributes":{"id":"predsea-api","policy":"{\"rules\":[{\"action\":{\"type\":\"expire\"},\"description\":\"Retain 20 images\",\"rulePriority\":1,\"selection\":{\"countNumber\":20,\"countType\":\"imageCountMoreThan\",\"tagStatus\":\"any\"}}]}","registry_id":"671460501982","repository":"predsea-api"},"sensitive_attributes":[],"private":"bnVsbA==","dependencies":["aws_ecr_repository.repos"]},{"index_key":"croco","schema_version":0,"attributes":{"id":"predsea-croco","policy":"{\"rules\":[{\"action\":{\"type\":\"expire\"},\"description\":\"Retain 20 images\",\"rulePriority\":1,\"selection\":{\"countNumber\":20,\"countType\":\"imageCountMoreThan\",\"tagStatus\":\"any\"}}]}","registry_id":"671460501982","repository":"predsea-croco"},"sensitive_attributes":[],"private":"bnVsbA==","dependencies":["aws_ecr_repository.repos"]},{"index_key":"ecmwf","schema_version":0,"attributes":{"id":"predsea-ecmwf","policy":"{\"rules\":[{\"action\":{\"type\":\"expire\"},\"description\":\"Retain 20 images\",\"rulePriority\":1,\"selection\":{\"countNumber\":20,\"countType\":\"imageCountMoreThan\",\"tagStatus\":\"any\"}}]}","registry_id":"671460501982","repository":"predsea-ecmwf"},"sensitive_attributes":[],"private":"bnVsbA==","dependencies":["aws_ecr_repository.repos"]},{"index_key":"orchestrator","schema_version":0,"attributes":{"id":"predsea-orchestrator","policy":"{\"rules\":[{\"action\":{\"type\":\"expire\"},\"description\":\"Retain 20 images\",\"rulePriority\":1,\"selection\":{\"countNumber\":20,\"countType\":\"imageCountMoreThan\",\"tagStatus\":\"any\"}}]}","registry_id":"671460501982","repository":"predsea-orchestrator"},"sensitive_attributes":[],"private":"bnVsbA==","dependencies":["aws_ecr_repository.repos"]},{"index_key":"wrf","schema_version":0,"attributes":{"id":"predsea-wrf","policy":"{\"rules\":[{\"action\":{\"type\":\"expire\"},\"description\":\"Retain 20 images\",\"rulePriority\":1,\"selection\":{\"countNumber\":20,\"countType\":\"imageCountMoreThan\",\"tagStatus\":\"any\"}}]}","registry_id":"671460501982","repository":"predsea-wrf"},"sensitive_attributes":[],"private":"bnVsbA==","dependencies":["aws_ecr_repository.repos"]},{"index_key":"ww3","schema_version":0,"attributes":{"id":"predsea-ww3","policy":"{\"rules\":[{\"action\":{\"type\":\"expire\"},\"description\":\"Retain 20 images\",\"rulePriority\":1,\"selection\":{\"countNumber\":20,\"countType\":\"imageCountMoreThan\",\"tagStatus\":\"any\"}}]}","registry_id":"671460501982","repository":"predsea-ww3"},"sensitive_attributes":[],"private":"bnVsbA==","dependencies":["aws_ecr_repository.repos"]}]},{"mode":"managed","type":"aws_ecr_repository","name":"repos","provider":"provider[\"registry.opentofu.org/hashicorp/aws\"]","instances":[{"index_key":"api","schema_version":0,"attributes":{"arn":"arn:aws:ecr:eu-west-1:671460501982:repository/predsea-api","encryption_configuration":[{"encryption_type":"AES256","kms_key":""}],"force_delete":null,"id":"predsea-api","image_scanning_configuration":[{"scan_on_push":true}],"image_tag_mutability":"MUTABLE","name":"predsea-api","registry_id":"671460501982","repository_url":"671460501982.dkr.ecr.eu-west-1.amazonaws.com/predsea-api","tags":{},"tags_all":{"Environment":"migration","ManagedBy":"Terraform","Project":"PredSea"},"timeouts":null},"sensitive_attributes":[],"private":"eyJlMmJmYjczMC1lY2FhLTExZTYtOGY4OC0zNDM2M2JjN2M0YzAiOnsiZGVsZXRlIjoxMjAwMDAwMDAwMDAwfX0="},{"index_key":"croco","schema_version":0,"attributes":{"arn":"arn:aws:ecr:eu-west-1:671460501982:repository/predsea-croco","encryption_configuration":[{"encryption_type":"AES256","kms_key":""}],"force_delete":null,"id":"predsea-croco","image_scanning_configuration":[{"scan_on_push":true}],"image_tag_mutability":"MUTABLE","name":"predsea-croco","registry_id":"671460501982","repository_url":"671460501982.dkr.ecr.eu-west-1.amazonaws.com/predsea-croco","tags":{},"tags_all":{"Environment":"migration","ManagedBy":"Terraform","Project":"PredSea"},"timeouts":null},"sensitive_attributes":[],"private":"eyJlMmJmYjczMC1lY2FhLTExZTYtOGY4OC0zNDM2M2JjN2M0YzAiOnsiZGVsZXRlIjoxMjAwMDAwMDAwMDAwfX0="},{"index_key":"ecmwf","schema_version":0,"attributes":{"arn":"arn:aws:ecr:eu-west-1:671460501982:repository/predsea-ecmwf","encryption_configuration":[{"encryption_type":"AES256","kms_key":""}],"force_delete":null,"id":"predsea-ecmwf","image_scanning_configuration":[{"scan_on_push":true}],"image_tag_mutability":"MUTABLE","name":"predsea-ecmwf","registry_id":"671460501982","repository_url":"671460501982.dkr.ecr.eu-west-1.amazonaws.com/predsea-ecmwf","tags":{},"tags_all":{"Environment":"migration","ManagedBy":"Terraform","Project":"PredSea"},"timeouts":null},"sensitive_attributes":[],"private":"eyJlMmJmYjczMC1lY2FhLTExZTYtOGY4OC0zNDM2M2JjN2M0YzAiOnsiZGVsZXRlIjoxMjAwMDAwMDAwMDAwfX0="},{"index_key":"orchestrator","schema_version":0,"attributes":{"arn":"arn:aws:ecr:eu-west-1:671460501982:repository/predsea-orchestrator","encryption_configuration":[{"encryption_type":"AES256","kms_key":""}],"force_delete":null,"id":"predsea-orchestrator","image_scanning_configuration":[{"scan_on_push":true}],"image_tag_mutability":"MUTABLE","name":"predsea-orchestrator","registry_id":"671460501982","repository_url":"671460501982.dkr.ecr.eu-west-1.amazonaws.com/predsea-orchestrator","tags":{},"tags_all":{"Environment":"migration","ManagedBy":"Terraform","Project":"PredSea"},"timeouts":null},"sensitive_attributes":[],"private":"eyJlMmJmYjczMC1lY2FhLTExZTYtOGY4OC0zNDM2M2JjN2M0YzAiOnsiZGVsZXRlIjoxMjAwMDAwMDAwMDAwfX0="},{"index_key":"wrf","schema_version":0,"attributes":{"arn":"arn:aws:ecr:eu-west-1:671460501982:repository/predsea-wrf","encryption_configuration":[{"encryption_type":"AES256","kms_key":""}],"force_delete":null,"id":"predsea-wrf","image_scanning_configuration":[{"scan_on_push":true}],"image_tag_mutability":"MUTABLE","name":"predsea-wrf","registry_id":"671460501982","repository_url":"671460501982.dkr.ecr.eu-west-1.amazonaws.com/predsea-wrf","tags":{},"tags_all":{"Environment":"migration","ManagedBy":"Terraform","Project":"PredSea"},"timeouts":null},"sensitive_attributes":[],"private":"eyJlMmJmYjczMC1lY2FhLTExZTYtOGY4OC0zNDM2M2JjN2M0YzAiOnsiZGVsZXRlIjoxMjAwMDAwMDAwMDAwfX0="},{"index_key":"ww3","schema_version":0,"attributes":{"arn":"arn:aws:ecr:eu-west-1:671460501982:repository/predsea-ww3","encryption_configuration":[{"encryption_type":"AES256","kms_key":""}],"force_delete":null,"id":"predsea-ww3","image_scanning_configuration":[{"scan_on_push":true}],"image_tag_mutability":"MUTABLE","name":"predsea-ww3","registry_id":"671460501982","repository_url":"671460501982.dkr.ecr.eu-west-1.amazonaws.com/predsea-ww3","tags":{},"tags_all":{"Environment":"migration","ManagedBy":"Terraform","Project":"PredSea"},"timeouts":null},"sensitive_attributes":[],"private":"eyJlMmJmYjczMC1lY2FhLTExZTYtOGY4OC0zNDM2M2JjN2M0YzAiOnsiZGVsZXRlIjoxMjAwMDAwMDAwMDAwfX0="}]},{"mode":"managed","type":"aws_ecs_cluster","name":"predsea","provider":"provider[\"registry.opentofu.org/hashicorp/aws\"]","instances":[{"schema_version":0,"attributes":{"arn":"arn:aws:ecs:eu-west-1:671460501982:cluster/predsea","configuration":[],"id":"arn:aws:ecs:eu-west-1:671460501982:cluster/predsea","name":"predsea","service_connect_defaults":[],"setting":[{"name":"containerInsights","value":"disabled"}],"tags":{},"tags_all":{"Environment":"migration","ManagedBy":"Terraform","Project":"PredSea"}},"sensitive_attributes":[],"private":"bnVsbA=="}]},{"mode":"managed","type":"aws_ecs_task_definition","name":"orchestrator","provider":"provider[\"registry.opentofu.org/hashicorp/aws\"]","instances":[{"schema_version":1,"attributes":{"arn":"arn:aws:ecs:eu-west-1:671460501982:task-definition/predsea-orchestrator:2","arn_without_revision":"arn:aws:ecs:eu-west-1:671460501982:task-definition/predsea-orchestrator","container_definitions":"[{\"command\":[\"python\",\"scripts/aws_daily_orchestrator.py\"],\"environment\":[{\"name\":\"AWS_REGION\",\"value\":\"eu-west-1\"},{\"name\":\"PREDSEA_ATHENA_DATABASE\",\"value\":\"predsea_validation\"},{\"name\":\"PREDSEA_ATHENA_WORKGROUP\",\"value\":\"predsea\"},{\"name\":\"PREDSEA_CROCO_GRID_VERSION\",\"value\":\"v1.0\"},{\"name\":\"PREDSEA_CROCO_IMAGE\",\"value\":\"671460501982.dkr.ecr.eu-west-1.amazonaws.com/predsea-croco:latest\"},{\"name\":\"PREDSEA_EC2_INSTANCE_PROFILE\",\"value\":\"predsea-simulation\"},{\"name\":\"PREDSEA_EC2_SECURITY_GROUP_IDS\",\"value\":\"\"},{\"name\":\"PREDSEA_EC2_SUBNET_IDS\",\"value\":\"subnet-0ee90d8d79fa9c988,subnet-0d05f0c613d772a3b,subnet-0b5645f6228eeaf70\"},{\"name\":\"PREDSEA_FORECAST_HOURS\",\"value\":\"72\"},{\"name\":\"PREDSEA_S3_BUCKET\",\"value\":\"predsea-daily-outputs\"},{\"name\":\"PREDSEA_WRF_IMAGE\",\"value\":\"671460501982.dkr.ecr.eu-west-1.amazonaws.com/predsea-wrf:latest\"},{\"name\":\"PREDSEA_WW3_IMAGE\",\"value\":\"671460501982.dkr.ecr.eu-west-1.amazonaws.com/predsea-ww3:latest\"}],\"essential\":true,\"image\":\"671460501982.dkr.ecr.eu-west-1.amazonaws.com/predsea-orchestrator:latest\",\"logConfiguration\":{\"logDriver\":\"awslogs\",\"options\":{\"awslogs-group\":\"/predsea/orchestrator\",\"awslogs-region\":\"eu-west-1\",\"awslogs-stream-prefix\":\"ecs\"}},\"mountPoints\":[],\"name\":\"orchestrator\",\"portMappings\":[],\"systemControls\":[],\"volumesFrom\":[]}]","cpu":"2048","enable_fault_injection":false,"ephemeral_storage":[],"execution_role_arn":"arn:aws:iam::671460501982:role/predsea-ecs-execution","family":"predsea-orchestrator","id":"predsea-orchestrator","inference_accelerator":[],"ipc_mode":"","memory":"8192","network_mode":"awsvpc","pid_mode":"","placement_constraints":[],"proxy_configuration":[],"requires_compatibilities":["FARGATE"],"revision":2,"runtime_platform":[],"skip_destroy":false,"tags":{},"tags_all":{"Environment":"migration","ManagedBy":"Terraform","Project":"PredSea"},"task_role_arn":"arn:aws:iam::671460501982:role/predsea-task","track_latest":false,"volume":[]},"sensitive_attributes":[],"private":"eyJzY2hlbWFfdmVyc2lvbiI6IjEifQ==","dependencies":["aws_athena_workgroup.predsea","aws_cloudwatch_log_group.orchestrator","aws_ecr_repository.repos","aws_glue_catalog_database.validation","aws_iam_instance_profile.simulation","aws_iam_role.ecs_execution","aws_iam_role.simulation","aws_iam_role.task","aws_s3_bucket.outputs","data.aws_iam_policy_document.ec2_assume","data.aws_iam_policy_document.ecs_assume","data.aws_subnets.default","data.aws_vpc.default"]}]},{"mode":"managed","type":"aws_glue_catalog_database","name":"validation","provider":"provider[\"registry.opentofu.org/hashicorp/aws\"]","instances":[{"schema_version":0,"attributes":{"arn":"arn:aws:glue:eu-west-1:671460501982:database/predsea_validation","catalog_id":"671460501982","create_table_default_permission":[{"permissions":["ALL"],"principal":[{"data_lake_principal_identifier":"IAM_ALLOWED_PRINCIPALS"}]}],"description":"","federated_database":[],"id":"671460501982:predsea_validation","location_uri":"","name":"predsea_validation","parameters":{},"tags":{},"tags_all":{"Environment":"migration","ManagedBy":"Terraform","Project":"PredSea"},"target_database":[]},"sensitive_attributes":[],"private":"bnVsbA=="}]},{"mode":"managed","type":"aws_glue_catalog_table","name":"evidence_rows","provider":"provider[\"registry.opentofu.org/hashicorp/aws\"]","instances":[{"schema_version":0,"attributes":{"arn":"arn:aws:glue:eu-west-1:671460501982:table/predsea_validation/evidence_rows","catalog_id":"671460501982","database_name":"predsea_validation","description":"","id":"671460501982:predsea_validation:evidence_rows","name":"evidence_rows","open_table_format_input":[],"owner":"","parameters":{"EXTERNAL":"TRUE","classification":"parquet"},"partition_index":[],"partition_keys":[],"retention":0,"storage_descriptor":[{"additional_locations":[],"bucket_columns":[],"columns":[{"comment":"","name":"record_type","parameters":{},"type":"string"},{"comment":"","name":"run_id","parameters":{},"type":"string"},{"comment":"","name":"run_date","parameters":{},"type":"string"},{"comment":"","name":"reference_station_id","parameters":{},"type":"string"},{"comment":"","name":"station_id","parameters":{},"type":"string"},{"comment":"","name":"variable","parameters":{},"type":"string"},{"comment":"","name":"value","parameters":{},"type":"double"},{"comment":"","name":"units","parameters":{},"type":"string"},{"comment":"","name":"provider","parameters":{},"type":"string"},{"comment":"","name":"target_time_utc","parameters":{},"type":"timestamp"},{"comment":"","name":"observed_at_utc","parameters":{},"type":"timestamp"},{"comment":"","name":"ingested_at_utc","parameters":{},"type":"timestamp"},{"comment":"","name":"lead_time_hours","parameters":{},"type":"double"},{"comment":"","name":"latitude","parameters":{},"type":"double"},{"comment":"","name":"longitude","parameters":{},"type":"double"},{"comment":"","name":"station_name","parameters":{},"type":"string"},{"comment":"","name":"station_kind","parameters":{},"type":"string"},{"comment":"","name":"network","parameters":{},"type":"string"}],"compressed":false,"input_format":"org.apache.hadoop.hive.ql.io.parquet.MapredParquetInputFormat","location":"s3://predsea-daily-outputs/warehouse/evidence_rows/","number_of_buckets":0,"output_format":"org.apache.hadoop.hive.ql.io.parquet.MapredParquetOutputFormat","parameters":{},"schema_reference":[],"ser_de_info":[{"name":"","parameters":{},"serialization_library":"org.apache.hadoop.hive.ql.io.parquet.serde.ParquetHiveSerDe"}],"skewed_info":[],"sort_columns":[],"stored_as_sub_directories":false}],"table_type":"EXTERNAL_TABLE","target_table":[],"view_expanded_text":"","view_original_text":""},"sensitive_attributes":[],"private":"bnVsbA==","dependencies":["aws_glue_catalog_database.validation","aws_s3_bucket.outputs"]}]},{"mode":"managed","type":"aws_iam_instance_profile","name":"batch","provider":"provider[\"registry.opentofu.org/hashicorp/aws\"]","instances":[{"schema_version":0,"attributes":{"arn":"arn:aws:iam::671460501982:instance-profile/predsea-batch-instance","create_date":"2026-08-23T21:06:59Z","id":"predsea-batch-instance","name":"predsea-batch-instance","name_prefix":"","path":"/","role":"predsea-batch-instance","tags":{},"tags_all":{"Environment":"migration","ManagedBy":"Terraform","Project":"PredSea"},"unique_id":"AIPAZYVRKFHPPKZBSOS5E"},"sensitive_attributes":[],"private":"bnVsbA==","dependencies":["aws_iam_role.batch_instance","data.aws_iam_policy_document.ec2_assume"]}]},{"mode":"managed","type":"aws_iam_instance_profile","name":"simulation","provider":"provider[\"registry.opentofu.org/hashicorp/aws\"]","instances":[{"schema_version":0,"attributes":{"arn":"arn:aws:iam::671460501982:instance-profile/predsea-simulation","create_date":"2026-08-23T14:08:51Z","id":"predsea-simulation","name":"predsea-simulation","name_prefix":"","path":"/","role":"predsea-simulation","tags":{},"tags_all":{"Environment":"migration","ManagedBy":"Terraform","Project":"PredSea"},"unique_id":"AIPAZYVRKFHPMNQAFL4TV"},"sensitive_attributes":[],"private":"bnVsbA==","dependencies":["aws_iam_role.simulation","data.aws_iam_policy_document.ec2_assume"]}]},{"mode":"managed","type":"aws_iam_role","name":"apprunner_access","provider":"provider[\"registry.opentofu.org/hashicorp/aws\"]","instances":[{"schema_version":0,"attributes":{"arn":"arn:aws:iam::671460501982:role/predsea-apprunner-ecr","assume_role_policy":"{\"Statement\":[{\"Action\":\"sts:AssumeRole\",\"Effect\":\"Allow\",\"Principal\":{\"Service\":\"build.apprunner.amazonaws.com\"}}],\"Version\":\"2012-10-17\"}","create_date":"2026-08-23T14:08:49Z","description":"","force_detach_policies":false,"id":"predsea-apprunner-ecr","inline_policy":[],"managed_policy_arns":["arn:aws:iam::aws:policy/service-role/AWSAppRunnerServicePolicyForECRAccess"],"max_session_duration":3600,"name":"predsea-apprunner-ecr","name_prefix":"","path":"/","permissions_boundary":"","tags":{},"tags_all":{"Environment":"migration","ManagedBy":"Terraform","Project":"PredSea"},"unique_id":"AROAZYVRKFHPKK3VOJMDW"},"sensitive_attributes":[],"private":"bnVsbA==","dependencies":["data.aws_iam_policy_document.apprunner_assume"]}]},{"mode":"managed","type":"aws_iam_role","name":"apprunner_instance","provider":"provider[\"registry.opentofu.org/hashicorp/aws\"]","instances":[{"schema_version":0,"attributes":{"arn":"arn:aws:iam::671460501982:role/predsea-apprunner-instance","assume_role_policy":"{\"Statement\":[{\"Action\":\"sts:AssumeRole\",\"Effect\":\"Allow\",\"Principal\":{\"Service\":\"tasks.apprunner.amazonaws.com\"}}],\"Version\":\"2012-10-17\"}","create_date":"2026-08-23T14:08:50Z","description":"","force_detach_policies":false,"id":"predsea-apprunner-instance","inline_policy":[{"name":"terraform-2026082314085210250000000d","policy":"{\"Version\":\"2012-10-17\",\"Statement\":[{\"Action\":\"s3:ListBucket\",\"Effect\":\"Allow\",\"Resource\":\"arn:aws:s3:::predsea-daily-outputs\"},{\"Action\":[\"s3:PutObject\",\"s3:GetObject\",\"s3:AbortMultipartUpload\"],\"Effect\":\"Allow\",\"Resource\":\"arn:aws:s3:::predsea-daily-outputs/*\"},{\"Action\":\"secretsmanager:GetSecretValue\",\"Effect\":\"Allow\",\"Resource\":[\"arn:aws:secretsmanager:eu-west-1:671460501982:secret:predsea/SOCIB_API_KEY-jQK1P1\",\"arn:aws:secretsmanager:eu-west-1:671460501982:secret:predsea/COPERNICUS_USERNAME-ZJe5L0\",\"arn:aws:secretsmanager:eu-west-1:671460501982:secret:predsea/COPERNICUS_PASSWORD-7QNNi2\",\"arn:aws:secretsmanager:eu-west-1:671460501982:secret:predsea/AEMET_API_KEY-NJhRe1\"]},{\"Action\":[\"athena:StopQueryExecution\",\"athena:StartQueryExecution\",\"athena:GetQueryResults\",\"athena:GetQueryExecution\"],\"Effect\":\"Allow\",\"Resource\":\"arn:aws:athena:eu-west-1:671460501982:workgroup/predsea\"},{\"Action\":[\"glue:GetTables\",\"glue:GetTable\",\"glue:GetPartitions\",\"glue:GetDatabases\",\"glue:GetDatabase\"],\"Effect\":\"Allow\",\"Resource\":\"*\"},{\"Action\":\"ecr:GetAuthorizationToken\",\"Effect\":\"Allow\",\"Resource\":\"*\"},{\"Action\":[\"ecr:GetDownloadUrlForLayer\",\"ecr:BatchGetImage\",\"ecr:BatchCheckLayerAvailability\"],\"Effect\":\"Allow\",\"Resource\":[\"arn:aws:ecr:eu-west-1:671460501982:repository/predsea-ww3\",\"arn:aws:ecr:eu-west-1:671460501982:repository/predsea-wrf\",\"arn:aws:ecr:eu-west-1:671460501982:repository/predsea-croco\"]}]}"}],"managed_policy_arns":[],"max_session_duration":3600,"name":"predsea-apprunner-instance","name_prefix":"","path":"/","permissions_boundary":"","tags":{},"tags_all":{"Environment":"migration","ManagedBy":"Terraform","Project":"PredSea"},"unique_id":"AROAZYVRKFHPJBWQPSERF"},"sensitive_attributes":[],"private":"bnVsbA==","dependencies":["data.aws_iam_policy_document.apprunner_tasks_assume"]}]},{"mode":"managed","type":"aws_iam_role","name":"batch_instance","provider":"provider[\"registry.opentofu.org/hashicorp/aws\"]","instances":[{"schema_version":0,"attributes":{"arn":"arn:aws:iam::671460501982:role/predsea-batch-instance","assume_role_policy":"{\"Statement\":[{\"Action\":\"sts:AssumeRole\",\"Effect\":\"Allow\",\"Principal\":{\"Service\":\"ec2.amazonaws.com\"}}],\"Version\":\"2012-10-17\"}","create_date":"2026-08-23T21:06:58Z","description":"","force_detach_policies":false,"id":"predsea-batch-instance","inline_policy":[],"managed_policy_arns":["arn:aws:iam::aws:policy/service-role/AmazonEC2ContainerServiceforEC2Role"],"max_session_duration":3600,"name":"predsea-batch-instance","name_prefix":"","path":"/","permissions_boundary":"","tags":{},"tags_all":{"Environment":"migration","ManagedBy":"Terraform","Project":"PredSea"},"unique_id":"AROAZYVRKFHPKXPKJBCE2"},"sensitive_attributes":[],"private":"bnVsbA==","dependencies":["data.aws_iam_policy_document.ec2_assume"]}]},{"mode":"managed","type":"aws_iam_role","name":"batch_spot_fleet","provider":"provider[\"registry.opentofu.org/hashicorp/aws\"]","instances":[{"schema_version":0,"attributes":{"arn":"arn:aws:iam::671460501982:role/predsea-batch-spot-fleet","assume_role_policy":"{\"Statement\":[{\"Action\":\"sts:AssumeRole\",\"Effect\":\"Allow\",\"Principal\":{\"Service\":\"spotfleet.amazonaws.com\"}}],\"Version\":\"2012-10-17\"}","create_date":"2026-08-23T21:06:58Z","description":"","force_detach_policies":false,"id":"predsea-batch-spot-fleet","inline_policy":[],"managed_policy_arns":["arn:aws:iam::aws:policy/service-role/AmazonEC2SpotFleetTaggingRole"],"max_session_duration":3600,"name":"predsea-batch-spot-fleet","name_prefix":"","path":"/","permissions_boundary":"","tags":{},"tags_all":{"Environment":"migration","ManagedBy":"Terraform","Project":"PredSea"},"unique_id":"AROAZYVRKFHPLWT4Z7DBI"},"sensitive_attributes":[],"private":"bnVsbA==","dependencies":["data.aws_iam_policy_document.spot_fleet_assume"]}]},{"mode":"managed","type":"aws_iam_role","name":"codebuild","provider":"provider[\"registry.opentofu.org/hashicorp/aws\"]","instances":[{"schema_version":0,"attributes":{"arn":"arn:aws:iam::671460501982:role/predsea-codebuild","assume_role_policy":"{\"Statement\":[{\"Action\":\"sts:AssumeRole\",\"Effect\":\"Allow\",\"Principal\":{\"Service\":\"codebuild.amazonaws.com\"}}],\"Version\":\"2012-10-17\"}","create_date":"2026-08-23T14:08:50Z","description":"","force_detach_policies":false,"id":"predsea-codebuild","inline_policy":[{"name":"terraform-2026082314085161580000000a","policy":"{\"Version\":\"2012-10-17\",\"Statement\":[{\"Action\":[\"logs:CreateLogGroup\",\"logs:CreateLogStream\",\"logs:PutLogEvents\"],\"Effect\":\"Allow\",\"Resource\":\"*\"},{\"Action\":[\"s3:GetObject\",\"s3:GetObjectVersion\",\"s3:PutObject\"],\"Effect\":\"Allow\",\"Resource\":[\"arn:aws:s3:::predsea-daily-outputs/codebuild-source/*\"]},{\"Action\":[\"ecr:GetAuthorizationToken\"],\"Effect\":\"Allow\",\"Resource\":\"*\"},{\"Action\":[\"ecr:BatchCheckLayerAvailability\",\"ecr:GetDownloadUrlForLayer\",\"ecr:BatchGetImage\",\"ecr:InitiateLayerUpload\",\"ecr:UploadLayerPart\",\"ecr:CompleteLayerUpload\",\"ecr:PutImage\"],\"Effect\":\"Allow\",\"Resource\":[\"arn:aws:ecr:eu-west-1:671460501982:repository/predsea-api\",\"arn:aws:ecr:eu-west-1:671460501982:repository/predsea-croco\",\"arn:aws:ecr:eu-west-1:671460501982:repository/predsea-ecmwf\",\"arn:aws:ecr:eu-west-1:671460501982:repository/predsea-orchestrator\",\"arn:aws:ecr:eu-west-1:671460501982:repository/predsea-wrf\",\"arn:aws:ecr:eu-west-1:671460501982:repository/predsea-ww3\"]}]}"}],"managed_policy_arns":[],"max_session_duration":3600,"name":"predsea-codebuild","name_prefix":"","path":"/","permissions_boundary":"","tags":{},"tags_all":{"Environment":"migration","ManagedBy":"Terraform","Project":"PredSea"},"unique_id":"AROAZYVRKFHPPEVSU66AU"},"sensitive_attributes":[],"private":"bnVsbA==","dependencies":["data.aws_iam_policy_document.codebuild_assume"]}]},{"mode":"managed","type":"aws_iam_role","name":"ecs_execution","provider":"provider[\"registry.opentofu.org/hashicorp/aws\"]","instances":[{"schema_version":0,"attributes":{"arn":"arn:aws:iam::671460501982:role/predsea-ecs-execution","assume_role_policy":"{\"Statement\":[{\"Action\":\"sts:AssumeRole\",\"Effect\":\"Allow\",\"Principal\":{\"Service\":\"ecs-tasks.amazonaws.com\"}}],\"Version\":\"2012-10-17\"}","create_date":"2026-08-23T14:08:49Z","description":"","force_detach_policies":false,"id":"predsea-ecs-execution","inline_policy":[{"name":"terraform-20260823140850722500000005","policy":"{\"Version\":\"2012-10-17\",\"Statement\":[{\"Action\":[\"secretsmanager:GetSecretValue\"],\"Effect\":\"Allow\",\"Resource\":[\"arn:aws:secretsmanager:eu-west-1:671460501982:secret:predsea/AEMET_API_KEY-NJhRe1\",\"arn:aws:secretsmanager:eu-west-1:671460501982:secret:predsea/COPERNICUS_PASSWORD-7QNNi2\",\"arn:aws:secretsmanager:eu-west-1:671460501982:secret:predsea/COPERNICUS_USERNAME-ZJe5L0\",\"arn:aws:secretsmanager:eu-west-1:671460501982:secret:predsea/SOCIB_API_KEY-jQK1P1\"]}]}"}],"managed_policy_arns":["arn:aws:iam::aws:policy/service-role/AmazonECSTaskExecutionRolePolicy"],"max_session_duration":3600,"name":"predsea-ecs-execution","name_prefix":"","path":"/","permissions_boundary":"","tags":{},"tags_all":{"Environment":"migration","ManagedBy":"Terraform","Project":"PredSea"},"unique_id":"AROAZYVRKFHPOM5CEU6X4"},"sensitive_attributes":[],"private":"bnVsbA==","dependencies":["data.aws_iam_policy_document.ecs_assume"]}]},{"mode":"managed","type":"aws_iam_role","name":"scheduler","provider":"provider[\"registry.opentofu.org/hashicorp/aws\"]","instances":[{"schema_version":0,"attributes":{"arn":"arn:aws:iam::671460501982:role/predsea-scheduler","assume_role_policy":"{\"Statement\":[{\"Action\":\"sts:AssumeRole\",\"Effect\":\"Allow\",\"Principal\":{\"Service\":\"scheduler.amazonaws.com\"}}],\"Version\":\"2012-10-17\"}","create_date":"2026-08-23T14:08:50Z","description":"","force_detach_policies":false,"id":"predsea-scheduler","inline_policy":[{"name":"terraform-2026082314085828880000000e","policy":"{\"Version\":\"2012-10-17\",\"Statement\":[{\"Action\":[\"ecs:RunTask\"],\"Effect\":\"Allow\",\"Resource\":\"arn:aws:ecs:eu-west-1:671460501982:task-definition/predsea-orchestrator:2\"},{\"Action\":[\"iam:PassRole\"],\"Effect\":\"Allow\",\"Resource\":[\"arn:aws:iam::671460501982:role/predsea-ecs-execution\",\"arn:aws:iam::671460501982:role/predsea-task\"]}]}"}],"managed_policy_arns":[],"max_session_duration":3600,"name":"predsea-scheduler","name_prefix":"","path":"/","permissions_boundary":"","tags":{},"tags_all":{"Environment":"migration","ManagedBy":"Terraform","Project":"PredSea"},"unique_id":"AROAZYVRKFHPG46S4AKPX"},"sensitive_attributes":[],"private":"bnVsbA==","dependencies":["data.aws_iam_policy_document.scheduler_assume"]}]},{"mode":"managed","type":"aws_iam_role","name":"simulation","provider":"provider[\"registry.opentofu.org/hashicorp/aws\"]","instances":[{"schema_version":0,"attributes":{"arn":"arn:aws:iam::671460501982:role/predsea-simulation","assume_role_policy":"{\"Statement\":[{\"Action\":\"sts:AssumeRole\",\"Effect\":\"Allow\",\"Principal\":{\"Service\":\"ec2.amazonaws.com\"}}],\"Version\":\"2012-10-17\"}","create_date":"2026-08-23T14:08:50Z","description":"","force_detach_policies":false,"id":"predsea-simulation","inline_policy":[{"name":"terraform-20260823140850922000000007","policy":"{\"Version\":\"2012-10-17\",\"Statement\":[{\"Action\":[\"ec2:TerminateInstances\"],\"Condition\":{\"StringEquals\":{\"ec2:ResourceTag/CostCenter\":\"PredSea\",\"ec2:ResourceTag/PredSeaDeploymentProfile\":\"worker\"}},\"Effect\":\"Allow\",\"Resource\":\"*\"}]}"},{"name":"terraform-2026082314085202660000000c","policy":"{\"Version\":\"2012-10-17\",\"Statement\":[{\"Action\":\"s3:ListBucket\",\"Effect\":\"Allow\",\"Resource\":\"arn:aws:s3:::predsea-daily-outputs\"},{\"Action\":[\"s3:PutObject\",\"s3:GetObject\",\"s3:AbortMultipartUpload\"],\"Effect\":\"Allow\",\"Resource\":\"arn:aws:s3:::predsea-daily-outputs/*\"},{\"Action\":\"secretsmanager:GetSecretValue\",\"Effect\":\"Allow\",\"Resource\":[\"arn:aws:secretsmanager:eu-west-1:671460501982:secret:predsea/SOCIB_API_KEY-jQK1P1\",\"arn:aws:secretsmanager:eu-west-1:671460501982:secret:predsea/COPERNICUS_USERNAME-ZJe5L0\",\"arn:aws:secretsmanager:eu-west-1:671460501982:secret:predsea/COPERNICUS_PASSWORD-7QNNi2\",\"arn:aws:secretsmanager:eu-west-1:671460501982:secret:predsea/AEMET_API_KEY-NJhRe1\"]},{\"Action\":[\"athena:StopQueryExecution\",\"athena:StartQueryExecution\",\"athena:GetQueryResults\",\"athena:GetQueryExecution\"],\"Effect\":\"Allow\",\"Resource\":\"arn:aws:athena:eu-west-1:671460501982:workgroup/predsea\"},{\"Action\":[\"glue:GetTables\",\"glue:GetTable\",\"glue:GetPartitions\",\"glue:GetDatabases\",\"glue:GetDatabase\"],\"Effect\":\"Allow\",\"Resource\":\"*\"},{\"Action\":\"ecr:GetAuthorizationToken\",\"Effect\":\"Allow\",\"Resource\":\"*\"},{\"Action\":[\"ecr:GetDownloadUrlForLayer\",\"ecr:BatchGetImage\",\"ecr:BatchCheckLayerAvailability\"],\"Effect\":\"Allow\",\"Resource\":[\"arn:aws:ecr:eu-west-1:671460501982:repository/predsea-ww3\",\"arn:aws:ecr:eu-west-1:671460501982:repository/predsea-wrf\",\"arn:aws:ecr:eu-west-1:671460501982:repository/predsea-croco\"]}]}"}],"managed_policy_arns":[],"max_session_duration":3600,"name":"predsea-simulation","name_prefix":"","path":"/","permissions_boundary":"","tags":{},"tags_all":{"Environment":"migration","ManagedBy":"Terraform","Project":"PredSea"},"unique_id":"AROAZYVRKFHPENTFPWBAT"},"sensitive_attributes":[],"private":"bnVsbA==","dependencies":["data.aws_iam_policy_document.ec2_assume"]}]},{"mode":"managed","type":"aws_iam_role","name":"task","provider":"provider[\"registry.opentofu.org/hashicorp/aws\"]","instances":[{"schema_version":0,"attributes":{"arn":"arn:aws:iam::671460501982:role/predsea-task","assume_role_policy":"{\"Statement\":[{\"Action\":\"sts:AssumeRole\",\"Effect\":\"Allow\",\"Principal\":{\"Service\":\"ecs-tasks.amazonaws.com\"}}],\"Version\":\"2012-10-17\"}","create_date":"2026-08-23T14:08:48Z","description":"","force_detach_policies":false,"id":"predsea-task","inline_policy":[{"name":"terraform-20260823140850913500000006","policy":"{\"Version\":\"2012-10-17\",\"Statement\":[{\"Action\":[\"ec2:RunInstances\",\"ec2:CreateTags\"],\"Effect\":\"Allow\",\"Resource\":\"*\"},{\"Action\":[\"ec2:DescribeInstances\",\"ec2:DescribeInstanceStatus\",\"ec2:DescribeImages\",\"ec2:DescribeSubnets\"],\"Effect\":\"Allow\",\"Resource\":\"*\"},{\"Action\":[\"ec2:TerminateInstances\"],\"Condition\":{\"StringEquals\":{\"ec2:ResourceTag/CostCenter\":\"PredSea\",\"ec2:ResourceTag/PredSeaDeploymentProfile\":\"worker\"}},\"Effect\":\"Allow\",\"Resource\":\"*\"},{\"Action\":[\"iam:PassRole\"],\"Condition\":{\"StringEquals\":{\"iam:PassedToService\":\"ec2.amazonaws.com\"}},\"Effect\":\"Allow\",\"Resource\":\"arn:aws:iam::671460501982:role/predsea-simulation\"}]}"},{"name":"terraform-2026082314085202650000000b","policy":"{\"Version\":\"2012-10-17\",\"Statement\":[{\"Action\":\"s3:ListBucket\",\"Effect\":\"Allow\",\"Resource\":\"arn:aws:s3:::predsea-daily-outputs\"},{\"Action\":[\"s3:PutObject\",\"s3:GetObject\",\"s3:AbortMultipartUpload\"],\"Effect\":\"Allow\",\"Resource\":\"arn:aws:s3:::predsea-daily-outputs/*\"},{\"Action\":\"secretsmanager:GetSecretValue\",\"Effect\":\"Allow\",\"Resource\":[\"arn:aws:secretsmanager:eu-west-1:671460501982:secret:predsea/SOCIB_API_KEY-jQK1P1\",\"arn:aws:secretsmanager:eu-west-1:671460501982:secret:predsea/COPERNICUS_USERNAME-ZJe5L0\",\"arn:aws:secretsmanager:eu-west-1:671460501982:secret:predsea/COPERNICUS_PASSWORD-7QNNi2\",\"arn:aws:secretsmanager:eu-west-1:671460501982:secret:predsea/AEMET_API_KEY-NJhRe1\"]},{\"Action\":[\"athena:StopQueryExecution\",\"athena:StartQueryExecution\",\"athena:GetQueryResults\",\"athena:GetQueryExecution\"],\"Effect\":\"Allow\",\"Resource\":\"arn:aws:athena:eu-west-1:671460501982:workgroup/predsea\"},{\"Action\":[\"glue:GetTables\",\"glue:GetTable\",\"glue:GetPartitions\",\"glue:GetDatabases\",\"glue:GetDatabase\"],\"Effect\":\"Allow\",\"Resource\":\"*\"},{\"Action\":\"ecr:GetAuthorizationToken\",\"Effect\":\"Allow\",\"Resource\":\"*\"},{\"Action\":[\"ecr:GetDownloadUrlForLayer\",\"ecr:BatchGetImage\",\"ecr:BatchCheckLayerAvailability\"],\"Effect\":\"Allow\",\"Resource\":[\"arn:aws:ecr:eu-west-1:671460501982:repository/predsea-ww3\",\"arn:aws:ecr:eu-west-1:671460501982:repository/predsea-wrf\",\"arn:aws:ecr:eu-west-1:671460501982:repository/predsea-croco\"]}]}"}],"managed_policy_arns":[],"max_session_duration":3600,"name":"predsea-task","name_prefix":"","path":"/","permissions_boundary":"","tags":{},"tags_all":{"Environment":"migration","ManagedBy":"Terraform","Project":"PredSea"},"unique_id":"AROAZYVRKFHPHLNSRINHB"},"sensitive_attributes":[],"private":"bnVsbA==","dependencies":["data.aws_iam_policy_document.ecs_assume"]}]},{"mode":"managed","type":"aws_iam_role_policy","name":"apprunner_runtime","provider":"provider[\"registry.opentofu.org/hashicorp/aws\"]","instances":[{"schema_version":0,"attributes":{"id":"predsea-apprunner-instance:terraform-2026082314085210250000000d","name":"terraform-2026082314085210250000000d","name_prefix":"terraform-","policy":"{\"Version\":\"2012-10-17\",\"Statement\":[{\"Action\":\"s3:ListBucket\",\"Effect\":\"Allow\",\"Resource\":\"arn:aws:s3:::predsea-daily-outputs\"},{\"Action\":[\"s3:PutObject\",\"s3:GetObject\",\"s3:AbortMultipartUpload\"],\"Effect\":\"Allow\",\"Resource\":\"arn:aws:s3:::predsea-daily-outputs/*\"},{\"Action\":\"secretsmanager:GetSecretValue\",\"Effect\":\"Allow\",\"Resource\":[\"arn:aws:secretsmanager:eu-west-1:671460501982:secret:predsea/SOCIB_API_KEY-jQK1P1\",\"arn:aws:secretsmanager:eu-west-1:671460501982:secret:predsea/COPERNICUS_USERNAME-ZJe5L0\",\"arn:aws:secretsmanager:eu-west-1:671460501982:secret:predsea/COPERNICUS_PASSWORD-7QNNi2\",\"arn:aws:secretsmanager:eu-west-1:671460501982:secret:predsea/AEMET_API_KEY-NJhRe1\"]},{\"Action\":[\"athena:StopQueryExecution\",\"athena:StartQueryExecution\",\"athena:GetQueryResults\",\"athena:GetQueryExecution\"],\"Effect\":\"Allow\",\"Resource\":\"arn:aws:athena:eu-west-1:671460501982:workgroup/predsea\"},{\"Action\":[\"glue:GetTables\",\"glue:GetTable\",\"glue:GetPartitions\",\"glue:GetDatabases\",\"glue:GetDatabase\"],\"Effect\":\"Allow\",\"Resource\":\"*\"},{\"Action\":\"ecr:GetAuthorizationToken\",\"Effect\":\"Allow\",\"Resource\":\"*\"},{\"Action\":[\"ecr:GetDownloadUrlForLayer\",\"ecr:BatchGetImage\",\"ecr:BatchCheckLayerAvailability\"],\"Effect\":\"Allow\",\"Resource\":[\"arn:aws:ecr:eu-west-1:671460501982:repository/predsea-ww3\",\"arn:aws:ecr:eu-west-1:671460501982:repository/predsea-wrf\",\"arn:aws:ecr:eu-west-1:671460501982:repository/predsea-croco\"]}]}","role":"predsea-apprunner-instance"},"sensitive_attributes":[],"private":"bnVsbA==","dependencies":["aws_athena_workgroup.predsea","aws_ecr_repository.repos","aws_iam_role.apprunner_instance","aws_s3_bucket.outputs","aws_secretsmanager_secret.predsea","data.aws_iam_policy_document.apprunner_tasks_assume","data.aws_iam_policy_document.runtime"]}]},{"mode":"managed","type":"aws_iam_role_policy","name":"codebuild","provider":"provider[\"registry.opentofu.org/hashicorp/aws\"]","instances":[{"schema_version":0,"attributes":{"id":"predsea-codebuild:terraform-2026082314085161580000000a","name":"terraform-2026082314085161580000000a","name_prefix":"terraform-","policy":"{\"Version\":\"2012-10-17\",\"Statement\":[{\"Action\":[\"logs:CreateLogGroup\",\"logs:CreateLogStream\",\"logs:PutLogEvents\"],\"Effect\":\"Allow\",\"Resource\":\"*\"},{\"Action\":[\"s3:GetObject\",\"s3:GetObjectVersion\",\"s3:PutObject\"],\"Effect\":\"Allow\",\"Resource\":[\"arn:aws:s3:::predsea-daily-outputs/codebuild-source/*\"]},{\"Action\":[\"ecr:GetAuthorizationToken\"],\"Effect\":\"Allow\",\"Resource\":\"*\"},{\"Action\":[\"ecr:BatchCheckLayerAvailability\",\"ecr:GetDownloadUrlForLayer\",\"ecr:BatchGetImage\",\"ecr:InitiateLayerUpload\",\"ecr:UploadLayerPart\",\"ecr:CompleteLayerUpload\",\"ecr:PutImage\"],\"Effect\":\"Allow\",\"Resource\":[\"arn:aws:ecr:eu-west-1:671460501982:repository/predsea-api\",\"arn:aws:ecr:eu-west-1:671460501982:repository/predsea-croco\",\"arn:aws:ecr:eu-west-1:671460501982:repository/predsea-ecmwf\",\"arn:aws:ecr:eu-west-1:671460501982:repository/predsea-orchestrator\",\"arn:aws:ecr:eu-west-1:671460501982:repository/predsea-wrf\",\"arn:aws:ecr:eu-west-1:671460501982:repository/predsea-ww3\"]}]}","role":"predsea-codebuild"},"sensitive_attributes":[],"private":"bnVsbA==","dependencies":["aws_ecr_repository.repos","aws_iam_role.codebuild","aws_s3_bucket.outputs","data.aws_iam_policy_document.codebuild_assume"]}]},{"mode":"managed","type":"aws_iam_role_policy","name":"ecs_execution_secrets","provider":"provider[\"registry.opentofu.org/hashicorp/aws\"]","instances":[{"schema_version":0,"attributes":{"id":"predsea-ecs-execution:terraform-20260823140850722500000005","name":"terraform-20260823140850722500000005","name_prefix":"terraform-","policy":"{\"Version\":\"2012-10-17\",\"Statement\":[{\"Action\":[\"secretsmanager:GetSecretValue\"],\"Effect\":\"Allow\",\"Resource\":[\"arn:aws:secretsmanager:eu-west-1:671460501982:secret:predsea/AEMET_API_KEY-NJhRe1\",\"arn:aws:secretsmanager:eu-west-1:671460501982:secret:predsea/COPERNICUS_PASSWORD-7QNNi2\",\"arn:aws:secretsmanager:eu-west-1:671460501982:secret:predsea/COPERNICUS_USERNAME-ZJe5L0\",\"arn:aws:secretsmanager:eu-west-1:671460501982:secret:predsea/SOCIB_API_KEY-jQK1P1\"]}]}","role":"predsea-ecs-execution"},"sensitive_attributes":[],"private":"bnVsbA==","dependencies":["aws_iam_role.ecs_execution","aws_secretsmanager_secret.predsea","data.aws_iam_policy_document.ecs_assume"]}]},{"mode":"managed","type":"aws_iam_role_policy","name":"orchestrator_ec2","provider":"provider[\"registry.opentofu.org/hashicorp/aws\"]","instances":[{"schema_version":0,"attributes":{"id":"predsea-task:terraform-20260823140850913500000006","name":"terraform-20260823140850913500000006","name_prefix":"terraform-","policy":"{\"Version\":\"2012-10-17\",\"Statement\":[{\"Action\":[\"ec2:RunInstances\",\"ec2:CreateTags\"],\"Effect\":\"Allow\",\"Resource\":\"*\"},{\"Action\":[\"ec2:DescribeInstances\",\"ec2:DescribeInstanceStatus\",\"ec2:DescribeImages\",\"ec2:DescribeSubnets\"],\"Effect\":\"Allow\",\"Resource\":\"*\"},{\"Action\":[\"ec2:TerminateInstances\"],\"Condition\":{\"StringEquals\":{\"ec2:ResourceTag/CostCenter\":\"PredSea\",\"ec2:ResourceTag/PredSeaDeploymentProfile\":\"worker\"}},\"Effect\":\"Allow\",\"Resource\":\"*\"},{\"Action\":[\"iam:PassRole\"],\"Condition\":{\"StringEquals\":{\"iam:PassedToService\":\"ec2.amazonaws.com\"}},\"Effect\":\"Allow\",\"Resource\":\"arn:aws:iam::671460501982:role/predsea-simulation\"}]}","role":"predsea-task"},"sensitive_attributes":[],"private":"bnVsbA==","dependencies":["aws_iam_role.simulation","aws_iam_role.task","data.aws_iam_policy_document.ec2_assume","data.aws_iam_policy_document.ecs_assume"]}]},{"mode":"managed","type":"aws_iam_role_policy","name":"scheduler","provider":"provider[\"registry.opentofu.org/hashicorp/aws\"]","instances":[{"schema_version":0,"attributes":{"id":"predsea-scheduler:terraform-2026082314085828880000000e","name":"terraform-2026082314085828880000000e","name_prefix":"terraform-","policy":"{\"Version\":\"2012-10-17\",\"Statement\":[{\"Action\":[\"ecs:RunTask\"],\"Effect\":\"Allow\",\"Resource\":\"arn:aws:ecs:eu-west-1:671460501982:task-definition/predsea-orchestrator:2\"},{\"Action\":[\"iam:PassRole\"],\"Effect\":\"Allow\",\"Resource\":[\"arn:aws:iam::671460501982:role/predsea-ecs-execution\",\"arn:aws:iam::671460501982:role/predsea-task\"]}]}","role":"predsea-scheduler"},"sensitive_attributes":[],"private":"bnVsbA==","dependencies":["aws_athena_workgroup.predsea","aws_cloudwatch_log_group.orchestrator","aws_ecr_repository.repos","aws_ecs_task_definition.orchestrator","aws_glue_catalog_database.validation","aws_iam_instance_profile.simulation","aws_iam_role.ecs_execution","aws_iam_role.scheduler","aws_iam_role.simulation","aws_iam_role.task","aws_s3_bucket.outputs","data.aws_iam_policy_document.ec2_assume","data.aws_iam_policy_document.ecs_assume","data.aws_iam_policy_document.scheduler_assume","data.aws_subnets.default","data.aws_vpc.default"]}]},{"mode":"managed","type":"aws_iam_role_policy","name":"simulation_runtime","provider":"provider[\"registry.opentofu.org/hashicorp/aws\"]","instances":[{"schema_version":0,"attributes":{"id":"predsea-simulation:terraform-2026082314085202660000000c","name":"terraform-2026082314085202660000000c","name_prefix":"terraform-","policy":"{\"Version\":\"2012-10-17\",\"Statement\":[{\"Action\":\"s3:ListBucket\",\"Effect\":\"Allow\",\"Resource\":\"arn:aws:s3:::predsea-daily-outputs\"},{\"Action\":[\"s3:PutObject\",\"s3:GetObject\",\"s3:AbortMultipartUpload\"],\"Effect\":\"Allow\",\"Resource\":\"arn:aws:s3:::predsea-daily-outputs/*\"},{\"Action\":\"secretsmanager:GetSecretValue\",\"Effect\":\"Allow\",\"Resource\":[\"arn:aws:secretsmanager:eu-west-1:671460501982:secret:predsea/SOCIB_API_KEY-jQK1P1\",\"arn:aws:secretsmanager:eu-west-1:671460501982:secret:predsea/COPERNICUS_USERNAME-ZJe5L0\",\"arn:aws:secretsmanager:eu-west-1:671460501982:secret:predsea/COPERNICUS_PASSWORD-7QNNi2\",\"arn:aws:secretsmanager:eu-west-1:671460501982:secret:predsea/AEMET_API_KEY-NJhRe1\"]},{\"Action\":[\"athena:StopQueryExecution\",\"athena:StartQueryExecution\",\"athena:GetQueryResults\",\"athena:GetQueryExecution\"],\"Effect\":\"Allow\",\"Resource\":\"arn:aws:athena:eu-west-1:671460501982:workgroup/predsea\"},{\"Action\":[\"glue:GetTables\",\"glue:GetTable\",\"glue:GetPartitions\",\"glue:GetDatabases\",\"glue:GetDatabase\"],\"Effect\":\"Allow\",\"Resource\":\"*\"},{\"Action\":\"ecr:GetAuthorizationToken\",\"Effect\":\"Allow\",\"Resource\":\"*\"},{\"Action\":[\"ecr:GetDownloadUrlForLayer\",\"ecr:BatchGetImage\",\"ecr:BatchCheckLayerAvailability\"],\"Effect\":\"Allow\",\"Resource\":[\"arn:aws:ecr:eu-west-1:671460501982:repository/predsea-ww3\",\"arn:aws:ecr:eu-west-1:671460501982:repository/predsea-wrf\",\"arn:aws:ecr:eu-west-1:671460501982:repository/predsea-croco\"]}]}","role":"predsea-simulation"},"sensitive_attributes":[],"private":"bnVsbA==","dependencies":["aws_athena_workgroup.predsea","aws_ecr_repository.repos","aws_iam_role.simulation","aws_s3_bucket.outputs","aws_secretsmanager_secret.predsea","data.aws_iam_policy_document.ec2_assume","data.aws_iam_policy_document.runtime"]}]},{"mode":"managed","type":"aws_iam_role_policy","name":"simulation_self_terminate","provider":"provider[\"registry.opentofu.org/hashicorp/aws\"]","instances":[{"schema_version":0,"attributes":{"id":"predsea-simulation:terraform-20260823140850922000000007","name":"terraform-20260823140850922000000007","name_prefix":"terraform-","policy":"{\"Version\":\"2012-10-17\",\"Statement\":[{\"Action\":[\"ec2:TerminateInstances\"],\"Condition\":{\"StringEquals\":{\"ec2:ResourceTag/CostCenter\":\"PredSea\",\"ec2:ResourceTag/PredSeaDeploymentProfile\":\"worker\"}},\"Effect\":\"Allow\",\"Resource\":\"*\"}]}","role":"predsea-simulation"},"sensitive_attributes":[],"private":"bnVsbA==","dependencies":["aws_iam_role.simulation","data.aws_iam_policy_document.ec2_assume"]}]},{"mode":"managed","type":"aws_iam_role_policy","name":"task_runtime","provider":"provider[\"registry.opentofu.org/hashicorp/aws\"]","instances":[{"schema_version":0,"attributes":{"id":"predsea-task:terraform-2026082314085202650000000b","name":"terraform-2026082314085202650000000b","name_prefix":"terraform-","policy":"{\"Version\":\"2012-10-17\",\"Statement\":[{\"Action\":\"s3:ListBucket\",\"Effect\":\"Allow\",\"Resource\":\"arn:aws:s3:::predsea-daily-outputs\"},{\"Action\":[\"s3:PutObject\",\"s3:GetObject\",\"s3:AbortMultipartUpload\"],\"Effect\":\"Allow\",\"Resource\":\"arn:aws:s3:::predsea-daily-outputs/*\"},{\"Action\":\"secretsmanager:GetSecretValue\",\"Effect\":\"Allow\",\"Resource\":[\"arn:aws:secretsmanager:eu-west-1:671460501982:secret:predsea/SOCIB_API_KEY-jQK1P1\",\"arn:aws:secretsmanager:eu-west-1:671460501982:secret:predsea/COPERNICUS_USERNAME-ZJe5L0\",\"arn:aws:secretsmanager:eu-west-1:671460501982:secret:predsea/COPERNICUS_PASSWORD-7QNNi2\",\"arn:aws:secretsmanager:eu-west-1:671460501982:secret:predsea/AEMET_API_KEY-NJhRe1\"]},{\"Action\":[\"athena:StopQueryExecution\",\"athena:StartQueryExecution\",\"athena:GetQueryResults\",\"athena:GetQueryExecution\"],\"Effect\":\"Allow\",\"Resource\":\"arn:aws:athena:eu-west-1:671460501982:workgroup/predsea\"},{\"Action\":[\"glue:GetTables\",\"glue:GetTable\",\"glue:GetPartitions\",\"glue:GetDatabases\",\"glue:GetDatabase\"],\"Effect\":\"Allow\",\"Resource\":\"*\"},{\"Action\":\"ecr:GetAuthorizationToken\",\"Effect\":\"Allow\",\"Resource\":\"*\"},{\"Action\":[\"ecr:GetDownloadUrlForLayer\",\"ecr:BatchGetImage\",\"ecr:BatchCheckLayerAvailability\"],\"Effect\":\"Allow\",\"Resource\":[\"arn:aws:ecr:eu-west-1:671460501982:repository/predsea-ww3\",\"arn:aws:ecr:eu-west-1:671460501982:repository/predsea-wrf\",\"arn:aws:ecr:eu-west-1:671460501982:repository/predsea-croco\"]}]}","role":"predsea-task"},"sensitive_attributes":[],"private":"bnVsbA==","dependencies":["aws_athena_workgroup.predsea","aws_ecr_repository.repos","aws_iam_role.task","aws_s3_bucket.outputs","aws_secretsmanager_secret.predsea","data.aws_iam_policy_document.ecs_assume","data.aws_iam_policy_document.runtime"]}]},{"mode":"managed","type":"aws_iam_role_policy_attachment","name":"apprunner_access","provider":"provider[\"registry.opentofu.org/hashicorp/aws\"]","instances":[{"schema_version":0,"attributes":{"id":"predsea-apprunner-ecr-20260823140850988100000009","policy_arn":"arn:aws:iam::aws:policy/service-role/AWSAppRunnerServicePolicyForECRAccess","role":"predsea-apprunner-ecr"},"sensitive_attributes":[],"private":"bnVsbA==","dependencies":["aws_iam_role.apprunner_access","data.aws_iam_policy_document.apprunner_assume"]}]},{"mode":"managed","type":"aws_iam_role_policy_attachment","name":"batch_instance_ecs","provider":"provider[\"registry.opentofu.org/hashicorp/aws\"]","instances":[{"schema_version":0,"attributes":{"id":"predsea-batch-instance-20260823210659641500000004","policy_arn":"arn:aws:iam::aws:policy/service-role/AmazonEC2ContainerServiceforEC2Role","role":"predsea-batch-instance"},"sensitive_attributes":[],"private":"bnVsbA==","dependencies":["aws_iam_role.batch_instance","data.aws_iam_policy_document.ec2_assume"]}]},{"mode":"managed","type":"aws_iam_role_policy_attachment","name":"batch_spot_fleet","provider":"provider[\"registry.opentofu.org/hashicorp/aws\"]","instances":[{"schema_version":0,"attributes":{"id":"predsea-batch-spot-fleet-20260823210659494200000003","policy_arn":"arn:aws:iam::aws:policy/service-role/AmazonEC2SpotFleetTaggingRole","role":"predsea-batch-spot-fleet"},"sensitive_attributes":[],"private":"bnVsbA==","dependencies":["aws_iam_role.batch_spot_fleet","data.aws_iam_policy_document.spot_fleet_assume"]}]},{"mode":"managed","type":"aws_iam_role_policy_attachment","name":"ecs_execution","provider":"provider[\"registry.opentofu.org/hashicorp/aws\"]","instances":[{"schema_version":0,"attributes":{"id":"predsea-ecs-execution-20260823140850984500000008","policy_arn":"arn:aws:iam::aws:policy/service-role/AmazonECSTaskExecutionRolePolicy","role":"predsea-ecs-execution"},"sensitive_attributes":[],"private":"bnVsbA==","dependencies":["aws_iam_role.ecs_execution","data.aws_iam_policy_document.ecs_assume"]}]},{"mode":"managed","type":"aws_launch_template","name":"hpc","provider":"provider[\"registry.opentofu.org/hashicorp/aws\"]","instances":[{"schema_version":0,"attributes":{"arn":"arn:aws:ec2:eu-west-1:671460501982:launch-template/lt-004c46b9b63d7cc41","block_device_mappings":[{"device_name":"/dev/xvda","ebs":[{"delete_on_termination":"","encrypted":"true","iops":3000,"kms_key_id":"","snapshot_id":"","throughput":500,"volume_initialization_rate":0,"volume_size":300,"volume_type":"gp3"}],"no_device":"","virtual_name":""}],"capacity_reservation_specification":[],"cpu_options":[],"credit_specification":[],"default_version":1,"description":"","disable_api_stop":false,"disable_api_termination":false,"ebs_optimized":"","elastic_gpu_specifications":[],"elastic_inference_accelerator":[],"enclave_options":[],"hibernation_options":[],"iam_instance_profile":[],"id":"lt-004c46b9b63d7cc41","image_id":"","instance_initiated_shutdown_behavior":"","instance_market_options":[],"instance_requirements":[],"instance_type":"","kernel_id":"","key_name":"","latest_version":1,"license_specification":[],"maintenance_options":[],"metadata_options":[{"http_endpoint":"enabled","http_protocol_ipv6":"","http_put_response_hop_limit":0,"http_tokens":"required","instance_metadata_tags":""}],"monitoring":[],"name":"predsea-batch-20260823210658297900000001","name_prefix":"predsea-batch-","network_interfaces":[],"placement":[],"private_dns_name_options":[],"ram_disk_id":"","security_group_names":[],"tag_specifications":[],"tags":{},"tags_all":{"Environment":"migration","ManagedBy":"Terraform","Project":"PredSea"},"update_default_version":null,"user_data":"","vpc_security_group_ids":[]},"sensitive_attributes":[],"private":"bnVsbA=="}]},{"mode":"managed","type":"aws_s3_bucket","name":"outputs","provider":"provider[\"registry.opentofu.org/hashicorp/aws\"]","instances":[{"schema_version":0,"attributes":{"acceleration_status":"","acl":null,"arn":"arn:aws:s3:::predsea-daily-outputs","bucket":"predsea-daily-outputs","bucket_domain_name":"predsea-daily-outputs.s3.amazonaws.com","bucket_prefix":"","bucket_regional_domain_name":"predsea-daily-outputs.s3.eu-west-1.amazonaws.com","cors_rule":[],"force_destroy":false,"grant":[{"id":"07e6e2c95de39530ce42141a361cff3d05d99cfcc5223cc78bf0d8dff4468e88","permissions":["FULL_CONTROL"],"type":"CanonicalUser","uri":""}],"hosted_zone_id":"Z1BKCTXD74EZPE","id":"predsea-daily-outputs","lifecycle_rule":[{"abort_incomplete_multipart_upload_days":7,"enabled":true,"expiration":[],"id":"cost-control","noncurrent_version_expiration":[{"days":30}],"noncurrent_version_transition":[],"prefix":"","tags":{},"transition":[]},{"abort_incomplete_multipart_upload_days":0,"enabled":true,"expiration":[{"date":"","days":30,"expired_object_delete_marker":false}],"id":"expire-transient-forcing","noncurrent_version_expiration":[],"noncurrent_version_transition":[],"prefix":"forcing/","tags":{},"transition":[]},{"abort_incomplete_multipart_upload_days":0,"enabled":true,"expiration":[{"date":"","days":30,"expired_object_delete_marker":false}],"id":"expire-transient-logs","noncurrent_version_expiration":[],"noncurrent_version_transition":[],"prefix":"transient/logs/","tags":{},"transition":[]},{"abort_incomplete_multipart_upload_days":0,"enabled":true,"expiration":[{"date":"","days":30,"expired_object_delete_marker":false}],"id":"expire-athena-results","noncurrent_version_expiration":[],"noncurrent_version_transition":[],"prefix":"athena-results/","tags":{},"transition":[]}],"logging":[],"object_lock_configuration":[],"object_lock_enabled":false,"policy":"","region":"eu-west-1","replication_configuration":[],"request_payer":"BucketOwner","server_side_encryption_configuration":[{"rule":[{"apply_server_side_encryption_by_default":[{"kms_master_key_id":"","sse_algorithm":"AES256"}],"bucket_key_enabled":false}]}],"tags":{},"tags_all":{"Environment":"migration","ManagedBy":"Terraform","Project":"PredSea"},"timeouts":null,"versioning":[{"enabled":true,"mfa_delete":false}],"website":[],"website_domain":null,"website_endpoint":null},"sensitive_attributes":[],"private":"eyJlMmJmYjczMC1lY2FhLTExZTYtOGY4OC0zNDM2M2JjN2M0YzAiOnsiY3JlYXRlIjoxMjAwMDAwMDAwMDAwLCJkZWxldGUiOjM2MDAwMDAwMDAwMDAsInJlYWQiOjEyMDAwMDAwMDAwMDAsInVwZGF0ZSI6MTIwMDAwMDAwMDAwMH19"}]},{"mode":"managed","type":"aws_s3_bucket_lifecycle_configuration","name":"outputs","provider":"provider[\"registry.opentofu.org/hashicorp/aws\"]","instances":[{"schema_version":1,"attributes":{"bucket":"predsea-daily-outputs","expected_bucket_owner":"","id":"predsea-daily-outputs","rule":[{"abort_incomplete_multipart_upload":[{"days_after_initiation":7}],"expiration":[],"filter":[{"and":[],"object_size_greater_than":null,"object_size_less_than":null,"prefix":"","tag":[]}],"id":"cost-control","noncurrent_version_expiration":[{"newer_noncurrent_versions":null,"noncurrent_days":30}],"noncurrent_version_transition":[],"prefix":"","status":"Enabled","transition":[]},{"abort_incomplete_multipart_upload":[],"expiration":[{"date":null,"days":30,"expired_object_delete_marker":false}],"filter":[{"and":[],"object_size_greater_than":null,"object_size_less_than":null,"prefix":"forcing/","tag":[]}],"id":"expire-transient-forcing","noncurrent_version_expiration":[],"noncurrent_version_transition":[],"prefix":"","status":"Enabled","transition":[]},{"abort_incomplete_multipart_upload":[],"expiration":[{"date":null,"days":30,"expired_object_delete_marker":false}],"filter":[{"and":[],"object_size_greater_than":null,"object_size_less_than":null,"prefix":"transient/logs/","tag":[]}],"id":"expire-transient-logs","noncurrent_version_expiration":[],"noncurrent_version_transition":[],"prefix":"","status":"Enabled","transition":[]},{"abort_incomplete_multipart_upload":[],"expiration":[{"date":null,"days":30,"expired_object_delete_marker":false}],"filter":[{"and":[],"object_size_greater_than":null,"object_size_less_than":null,"prefix":"athena-results/","tag":[]}],"id":"expire-athena-results","noncurrent_version_expiration":[],"noncurrent_version_transition":[],"prefix":"","status":"Enabled","transition":[]}],"timeouts":null,"transition_default_minimum_object_size":"all_storage_classes_128K"},"sensitive_attributes":[],"dependencies":["aws_s3_bucket.outputs"]}]},{"mode":"managed","type":"aws_s3_bucket_public_access_block","name":"outputs","provider":"provider[\"registry.opentofu.org/hashicorp/aws\"]","instances":[{"schema_version":0,"attributes":{"block_public_acls":true,"block_public_policy":true,"bucket":"predsea-daily-outputs","id":"predsea-daily-outputs","ignore_public_acls":true,"restrict_public_buckets":true},"sensitive_attributes":[],"private":"bnVsbA==","dependencies":["aws_s3_bucket.outputs"]}]},{"mode":"managed","type":"aws_s3_bucket_server_side_encryption_configuration","name":"outputs","provider":"provider[\"registry.opentofu.org/hashicorp/aws\"]","instances":[{"schema_version":0,"attributes":{"bucket":"predsea-daily-outputs","expected_bucket_owner":"","id":"predsea-daily-outputs","rule":[{"apply_server_side_encryption_by_default":[{"kms_master_key_id":"","sse_algorithm":"AES256"}],"bucket_key_enabled":false}]},"sensitive_attributes":[],"private":"bnVsbA==","dependencies":["aws_s3_bucket.outputs"]}]},{"mode":"managed","type":"aws_s3_bucket_versioning","name":"outputs","provider":"provider[\"registry.opentofu.org/hashicorp/aws\"]","instances":[{"schema_version":0,"attributes":{"bucket":"predsea-daily-outputs","expected_bucket_owner":"","id":"predsea-daily-outputs","mfa":null,"versioning_configuration":[{"mfa_delete":"","status":"Enabled"}]},"sensitive_attributes":[],"private":"bnVsbA==","dependencies":["aws_s3_bucket.outputs"]}]},{"mode":"managed","type":"aws_scheduler_schedule","name":"daily","provider":"provider[\"registry.opentofu.org/hashicorp/aws\"]","instances":[{"schema_version":0,"attributes":{"arn":"arn:aws:scheduler:eu-west-1:671460501982:schedule/default/predsea-daily","description":"","end_date":"","flexible_time_window":[{"maximum_window_in_minutes":0,"mode":"OFF"}],"group_name":"default","id":"default/predsea-daily","kms_key_arn":"","name":"predsea-daily","name_prefix":"","schedule_expression":"cron(0 3 * * ? *)","schedule_expression_timezone":"UTC","start_date":"","state":"DISABLED","target":[{"arn":"arn:aws:ecs:eu-west-1:671460501982:cluster/predsea","dead_letter_config":[],"ecs_parameters":[{"capacity_provider_strategy":[],"enable_ecs_managed_tags":false,"enable_execute_command":false,"group":"","launch_type":"FARGATE","network_configuration":[{"assign_public_ip":true,"security_groups":[],"subnets":["subnet-0b5645f6228eeaf70","subnet-0d05f0c613d772a3b","subnet-0ee90d8d79fa9c988"]}],"placement_constraints":[],"placement_strategy":[],"platform_version":"","propagate_tags":"","reference_id":"","tags":{},"task_count":1,"task_definition_arn":"arn:aws:ecs:eu-west-1:671460501982:task-definition/predsea-orchestrator:2"}],"eventbridge_parameters":[],"input":"","kinesis_parameters":[],"retry_policy":[{"maximum_event_age_in_seconds":86400,"maximum_retry_attempts":185}],"role_arn":"arn:aws:iam::671460501982:role/predsea-scheduler","sagemaker_pipeline_parameters":[],"sqs_parameters":[]}]},"sensitive_attributes":[],"private":"bnVsbA==","dependencies":["aws_athena_workgroup.predsea","aws_cloudwatch_log_group.orchestrator","aws_ecr_repository.repos","aws_ecs_cluster.predsea","aws_ecs_task_definition.orchestrator","aws_glue_catalog_database.validation","aws_iam_instance_profile.simulation","aws_iam_role.ecs_execution","aws_iam_role.scheduler","aws_iam_role.simulation","aws_iam_role.task","aws_s3_bucket.outputs","data.aws_iam_policy_document.ec2_assume","data.aws_iam_policy_document.ecs_assume","data.aws_iam_policy_document.scheduler_assume","data.aws_subnets.default","data.aws_vpc.default"]}]},{"mode":"managed","type":"aws_secretsmanager_secret","name":"predsea","provider":"provider[\"registry.opentofu.org/hashicorp/aws\"]","instances":[{"index_key":"AEMET_API_KEY","schema_version":0,"attributes":{"arn":"arn:aws:secretsmanager:eu-west-1:671460501982:secret:predsea/AEMET_API_KEY-NJhRe1","description":"","force_overwrite_replica_secret":false,"id":"arn:aws:secretsmanager:eu-west-1:671460501982:secret:predsea/AEMET_API_KEY-NJhRe1","kms_key_id":"","name":"predsea/AEMET_API_KEY","name_prefix":"","policy":"","recovery_window_in_days":7,"replica":[],"tags":{},"tags_all":{"Environment":"migration","ManagedBy":"Terraform","Project":"PredSea"}},"sensitive_attributes":[],"private":"bnVsbA=="},{"index_key":"COPERNICUS_PASSWORD","schema_version":0,"attributes":{"arn":"arn:aws:secretsmanager:eu-west-1:671460501982:secret:predsea/COPERNICUS_PASSWORD-7QNNi2","description":"","force_overwrite_replica_secret":false,"id":"arn:aws:secretsmanager:eu-west-1:671460501982:secret:predsea/COPERNICUS_PASSWORD-7QNNi2","kms_key_id":"","name":"predsea/COPERNICUS_PASSWORD","name_prefix":"","policy":"","recovery_window_in_days":7,"replica":[],"tags":{},"tags_all":{"Environment":"migration","ManagedBy":"Terraform","Project":"PredSea"}},"sensitive_attributes":[],"private":"bnVsbA=="},{"index_key":"COPERNICUS_USERNAME","schema_version":0,"attributes":{"arn":"arn:aws:secretsmanager:eu-west-1:671460501982:secret:predsea/COPERNICUS_USERNAME-ZJe5L0","description":"","force_overwrite_replica_secret":false,"id":"arn:aws:secretsmanager:eu-west-1:671460501982:secret:predsea/COPERNICUS_USERNAME-ZJe5L0","kms_key_id":"","name":"predsea/COPERNICUS_USERNAME","name_prefix":"","policy":"","recovery_window_in_days":7,"replica":[],"tags":{},"tags_all":{"Environment":"migration","ManagedBy":"Terraform","Project":"PredSea"}},"sensitive_attributes":[],"private":"bnVsbA=="},{"index_key":"SOCIB_API_KEY","schema_version":0,"attributes":{"arn":"arn:aws:secretsmanager:eu-west-1:671460501982:secret:predsea/SOCIB_API_KEY-jQK1P1","description":"","force_overwrite_replica_secret":false,"id":"arn:aws:secretsmanager:eu-west-1:671460501982:secret:predsea/SOCIB_API_KEY-jQK1P1","kms_key_id":"","name":"predsea/SOCIB_API_KEY","name_prefix":"","policy":"","recovery_window_in_days":7,"replica":[],"tags":{},"tags_all":{"Environment":"migration","ManagedBy":"Terraform","Project":"PredSea"}},"sensitive_attributes":[],"private":"bnVsbA=="}]},{"mode":"managed","type":"aws_security_group","name":"hpc","provider":"provider[\"registry.opentofu.org/hashicorp/aws\"]","instances":[{"schema_version":1,"attributes":{"arn":"arn:aws:ec2:eu-west-1:671460501982:security-group/sg-02b0308cae98a025f","description":"PredSea AWS Batch compute nodes","egress":[{"cidr_blocks":["0.0.0.0/0"],"description":"Model inputs, images, logs, and outputs","from_port":0,"ipv6_cidr_blocks":[],"prefix_list_ids":[],"protocol":"-1","security_groups":[],"self":false,"to_port":0}],"id":"sg-02b0308cae98a025f","ingress":[{"cidr_blocks":[],"description":"MPI traffic between Batch compute nodes","from_port":0,"ipv6_cidr_blocks":[],"prefix_list_ids":[],"protocol":"-1","security_groups":[],"self":true,"to_port":0}],"name":"predsea-batch","name_prefix":"","owner_id":"671460501982","revoke_rules_on_delete":false,"tags":{},"tags_all":{"Environment":"migration","ManagedBy":"Terraform","Project":"PredSea"},"timeouts":null,"vpc_id":"vpc-06dc7da7adafb205a"},"sensitive_attributes":[],"private":"eyJlMmJmYjczMC1lY2FhLTExZTYtOGY4OC0zNDM2M2JjN2M0YzAiOnsiY3JlYXRlIjo2MDAwMDAwMDAwMDAsImRlbGV0ZSI6OTAwMDAwMDAwMDAwfSwic2NoZW1hX3ZlcnNpb24iOiIxIn0=","dependencies":["data.aws_vpc.default"]}]}],"check_results":[{"object_kind":"var","config_addr":"var.schedule_state","status":"pass","objects":[{"object_addr":"var.schedule_state","status":"pass"}]},{"object_kind":"var","config_addr":"var.ecmwf_image_digest","status":"pass","objects":[{"object_addr":"var.ecmwf_image_digest","status":"pass"}]},{"object_kind":"var","config_addr":"var.wrf_image_digest","status":"pass","objects":[{"object_addr":"var.wrf_image_digest","status":"pass"}]},{"object_kind":"var","config_addr":"var.athena_bytes_scanned_cutoff_per_query","status":"pass","objects":[{"object_addr":"var.athena_bytes_scanned_cutoff_per_query","status":"pass"}]},{"object_kind":"var","config_addr":"var.ww3_image_digest","status":"pass","objects":[{"object_addr":"var.ww3_image_digest","status":"pass"}]},{"object_kind":"var","config_addr":"var.croco_image_digest","status":"pass","objects":[{"object_addr":"var.croco_image_digest","status":"pass"}]},{"object_kind":"var","config_addr":"var.batch_instance_types","status":"pass","objects":[{"object_addr":"var.batch_instance_types","status":"pass"}]},{"object_kind":"var","config_addr":"var.batch_root_volume_size_gib","status":"pass","objects":[{"object_addr":"var.batch_root_volume_size_gib","status":"pass"}]}]}
